// !$*UTF8*$!
{
	archiveVersion = 1;
	classes = {
	};
	objectVersion = 46;
	objects = {

/* Begin PBXAggregateTarget section */
		49748F94191870F500738BC9 /* SimplifyFramework */ = {
			isa = PBXAggregateTarget;
			buildConfigurationList = 49748F95191870F500738BC9 /* Build configuration list for PBXAggregateTarget "SimplifyFramework" */;
			buildPhases = (
				49748F9A1918710700738BC9 /* ShellScript */,
			);
			dependencies = (
				49748F991918710400738BC9 /* PBXTargetDependency */,
				4977D07B191AB97700AC621F /* PBXTargetDependency */,
			);
			name = SimplifyFramework;
			productName = SimplifyFramework;
		};
/* End PBXAggregateTarget section */

/* Begin PBXBuildFile section */
		495EEEC8191B372900AEC402 /* SIMAddress.h in Headers */ = {isa = PBXBuildFile; fileRef = 495EEEC6191B372900AEC402 /* SIMAddress.h */; settings = {ATTRIBUTES = (Public, ); }; };
		495EEEC9191B372900AEC402 /* SIMAddress.m in Sources */ = {isa = PBXBuildFile; fileRef = 495EEEC7191B372900AEC402 /* SIMAddress.m */; };
		495EEECC191B387200AEC402 /* SIMCreditCardToken.h in Headers */ = {isa = PBXBuildFile; fileRef = 495EEECA191B387200AEC402 /* SIMCreditCardToken.h */; settings = {ATTRIBUTES = (Public, ); }; };
		495EEECD191B387200AEC402 /* SIMCreditCardToken.m in Sources */ = {isa = PBXBuildFile; fileRef = 495EEECB191B387200AEC402 /* SIMCreditCardToken.m */; };
		495EEED0191B4CE600AEC402 /* SIMAddressTests.m in Sources */ = {isa = PBXBuildFile; fileRef = 495EEECE191B4CE600AEC402 /* SIMAddressTests.m */; };
		495EEED1191B4CE600AEC402 /* SIMCreditCardTokenTests.m in Sources */ = {isa = PBXBuildFile; fileRef = 495EEECF191B4CE600AEC402 /* SIMCreditCardTokenTests.m */; };
		495EEF781923DFE700AEC402 /* UIColor+Simplify.h in Headers */ = {isa = PBXBuildFile; fileRef = 495EEF761923DFE700AEC402 /* UIColor+Simplify.h */; settings = {ATTRIBUTES = (Public, ); }; };
		495EEF791923DFE700AEC402 /* UIColor+Simplify.m in Sources */ = {isa = PBXBuildFile; fileRef = 495EEF771923DFE700AEC402 /* UIColor+Simplify.m */; };
		495EEF80192401D700AEC402 /* SIMChargeCardViewController.m in Sources */ = {isa = PBXBuildFile; fileRef = 495EEF7C192401D700AEC402 /* SIMChargeCardViewController.m */; };
		495EEF81192401D700AEC402 /* SIMChargeCardModel.m in Sources */ = {isa = PBXBuildFile; fileRef = 495EEF7D192401D700AEC402 /* SIMChargeCardModel.m */; };
		495EEF83192401D700AEC402 /* SIMChargeCardModel.h in Headers */ = {isa = PBXBuildFile; fileRef = 495EEF7F192401D700AEC402 /* SIMChargeCardModel.h */; settings = {ATTRIBUTES = (Public, ); }; };
		495EEF86192401E000AEC402 /* SIMButton.m in Sources */ = {isa = PBXBuildFile; fileRef = 495EEF84192401E000AEC402 /* SIMButton.m */; };
		495EEF87192401E000AEC402 /* SIMButton.h in Headers */ = {isa = PBXBuildFile; fileRef = 495EEF85192401E000AEC402 /* SIMButton.h */; settings = {ATTRIBUTES = (Public, ); }; };
		495EEF891924021E00AEC402 /* SIMChargeCardViewController.h in Headers */ = {isa = PBXBuildFile; fileRef = 495EEF881924021E00AEC402 /* SIMChargeCardViewController.h */; settings = {ATTRIBUTES = (Public, ); }; };
		495EEF8A1924023600AEC402 /* SIMChargeCardModelTests.m in Sources */ = {isa = PBXBuildFile; fileRef = 495EEF7E192401D700AEC402 /* SIMChargeCardModelTests.m */; };
		495EEF8E192403B000AEC402 /* SIMChargeCardViewController.xib in Resources */ = {isa = PBXBuildFile; fileRef = 495EEF7B192401D700AEC402 /* SIMChargeCardViewController.xib */; };
		495EEF911924049700AEC402 /* NSBundle+Simplify.h in Headers */ = {isa = PBXBuildFile; fileRef = 495EEF8F1924049700AEC402 /* NSBundle+Simplify.h */; };
		495EEF921924049700AEC402 /* NSBundle+Simplify.m in Sources */ = {isa = PBXBuildFile; fileRef = 495EEF901924049700AEC402 /* NSBundle+Simplify.m */; };
		495EEF95192406FF00AEC402 /* UIImage+Simplify.h in Headers */ = {isa = PBXBuildFile; fileRef = 495EEF93192406FF00AEC402 /* UIImage+Simplify.h */; settings = {ATTRIBUTES = (Public, ); }; };
		495EEF96192406FF00AEC402 /* UIImage+Simplify.m in Sources */ = {isa = PBXBuildFile; fileRef = 495EEF94192406FF00AEC402 /* UIImage+Simplify.m */; };
		49748F63191849C600738BC9 /* Foundation.framework in Frameworks */ = {isa = PBXBuildFile; fileRef = 49748F62191849C600738BC9 /* Foundation.framework */; };
		49748F71191849C600738BC9 /* XCTest.framework in Frameworks */ = {isa = PBXBuildFile; fileRef = 49748F70191849C600738BC9 /* XCTest.framework */; };
		49748F72191849C600738BC9 /* Foundation.framework in Frameworks */ = {isa = PBXBuildFile; fileRef = 49748F62191849C600738BC9 /* Foundation.framework */; };
		49748F74191849C600738BC9 /* UIKit.framework in Frameworks */ = {isa = PBXBuildFile; fileRef = 49748F73191849C600738BC9 /* UIKit.framework */; };
		49748F77191849C600738BC9 /* libSimplify.a in Frameworks */ = {isa = PBXBuildFile; fileRef = 49748F5F191849C600738BC9 /* libSimplify.a */; };
		49748F7D191849C600738BC9 /* InfoPlist.strings in Resources */ = {isa = PBXBuildFile; fileRef = 49748F7B191849C600738BC9 /* InfoPlist.strings */; };
		49748F9D1918733B00738BC9 /* Simplify.h in CopyFiles */ = {isa = PBXBuildFile; fileRef = 49748F9B191872A100738BC9 /* Simplify.h */; };
		49748F9E1918734600738BC9 /* Simplify.h in Headers */ = {isa = PBXBuildFile; fileRef = 49748F9B191872A100738BC9 /* Simplify.h */; settings = {ATTRIBUTES = (Public, ); }; };
		49748FA819188D2C00738BC9 /* SIMSimplify.h in Headers */ = {isa = PBXBuildFile; fileRef = 49748FA619188D2C00738BC9 /* SIMSimplify.h */; settings = {ATTRIBUTES = (Public, ); }; };
		49748FA919188D2C00738BC9 /* SIMSimplify.m in Sources */ = {isa = PBXBuildFile; fileRef = 49748FA719188D2C00738BC9 /* SIMSimplify.m */; };
		49748FAB191927E600738BC9 /* SIMSimplifyTests.m in Sources */ = {isa = PBXBuildFile; fileRef = 49748FAA191927E600738BC9 /* SIMSimplifyTests.m */; };
		49748FAC19192A8900738BC9 /* libOCMock.a in Frameworks */ = {isa = PBXBuildFile; fileRef = 49748F8919184A3F00738BC9 /* libOCMock.a */; };
		49748FAF1919323600738BC9 /* NSString+Simplify.h in Headers */ = {isa = PBXBuildFile; fileRef = 49748FAD1919323600738BC9 /* NSString+Simplify.h */; };
		49748FB01919323600738BC9 /* NSString+Simplify.m in Sources */ = {isa = PBXBuildFile; fileRef = 49748FAE1919323600738BC9 /* NSString+Simplify.m */; };
		4977D04A191A9C6F00AC621F /* SIMLuhnValidator.m in Sources */ = {isa = PBXBuildFile; fileRef = 4977D030191A9C6F00AC621F /* SIMLuhnValidator.m */; };
		4977D04C191A9C6F00AC621F /* SIMCardType.h in Headers */ = {isa = PBXBuildFile; fileRef = 4977D032191A9C6F00AC621F /* SIMCardType.h */; settings = {ATTRIBUTES = (Public, ); }; };
		4977D04D191A9C6F00AC621F /* SIMCardType.m in Sources */ = {isa = PBXBuildFile; fileRef = 4977D033191A9C6F00AC621F /* SIMCardType.m */; };
		4977D04F191A9C6F00AC621F /* SIMLuhnValidator.h in Headers */ = {isa = PBXBuildFile; fileRef = 4977D035191A9C6F00AC621F /* SIMLuhnValidator.h */; settings = {ATTRIBUTES = (Public, ); }; };
		4977D050191A9C6F00AC621F /* SIMDigitVerifier.h in Headers */ = {isa = PBXBuildFile; fileRef = 4977D047191A9C6F00AC621F /* SIMDigitVerifier.h */; settings = {ATTRIBUTES = (Public, ); }; };
		4977D051191A9C6F00AC621F /* SIMDigitVerifier.m in Sources */ = {isa = PBXBuildFile; fileRef = 4977D048191A9C6F00AC621F /* SIMDigitVerifier.m */; };
		4977D056191A9D6700AC621F /* SIMLuhnValidatorTests.m in Sources */ = {isa = PBXBuildFile; fileRef = 4977D031191A9C6F00AC621F /* SIMLuhnValidatorTests.m */; };
		4977D057191A9D6700AC621F /* SIMCardTypeTests.m in Sources */ = {isa = PBXBuildFile; fileRef = 4977D034191A9C6F00AC621F /* SIMCardTypeTests.m */; };
		4977D058191A9D6700AC621F /* SIMDigitVerifierTests.m in Sources */ = {isa = PBXBuildFile; fileRef = 4977D049191A9C6F00AC621F /* SIMDigitVerifierTests.m */; };
		4977D05F191AB89C00AC621F /* CoreFoundation.framework in Frameworks */ = {isa = PBXBuildFile; fileRef = 4977D05E191AB89C00AC621F /* CoreFoundation.framework */; };
		4977D06A191AB96900AC621F /* amex.png in Resources */ = {isa = PBXBuildFile; fileRef = 4977D037191A9C6F00AC621F /* amex.png */; };
		4977D06B191AB96900AC621F /* amex@2x.png in Resources */ = {isa = PBXBuildFile; fileRef = 4977D038191A9C6F00AC621F /* amex@2x.png */; };
		4977D06C191AB96900AC621F /* blank.png in Resources */ = {isa = PBXBuildFile; fileRef = 4977D039191A9C6F00AC621F /* blank.png */; };
		4977D06D191AB96900AC621F /* blank@2x.png in Resources */ = {isa = PBXBuildFile; fileRef = 4977D03A191A9C6F00AC621F /* blank@2x.png */; };
		4977D06E191AB96900AC621F /* china-union.png in Resources */ = {isa = PBXBuildFile; fileRef = 4977D03B191A9C6F00AC621F /* china-union.png */; };
		4977D06F191AB96900AC621F /* china-union@2x.png in Resources */ = {isa = PBXBuildFile; fileRef = 4977D03C191A9C6F00AC621F /* china-union@2x.png */; };
		4977D070191AB96900AC621F /* diners.png in Resources */ = {isa = PBXBuildFile; fileRef = 4977D03D191A9C6F00AC621F /* diners.png */; };
		4977D071191AB96900AC621F /* diners@2x.png in Resources */ = {isa = PBXBuildFile; fileRef = 4977D03E191A9C6F00AC621F /* diners@2x.png */; };
		4977D072191AB96900AC621F /* discover.png in Resources */ = {isa = PBXBuildFile; fileRef = 4977D03F191A9C6F00AC621F /* discover.png */; };
		4977D073191AB96900AC621F /* discover@2x.png in Resources */ = {isa = PBXBuildFile; fileRef = 4977D040191A9C6F00AC621F /* discover@2x.png */; };
		4977D074191AB96900AC621F /* jcb.png in Resources */ = {isa = PBXBuildFile; fileRef = 4977D041191A9C6F00AC621F /* jcb.png */; };
		4977D075191AB96900AC621F /* jcb@2x.png in Resources */ = {isa = PBXBuildFile; fileRef = 4977D042191A9C6F00AC621F /* jcb@2x.png */; };
		4977D076191AB96900AC621F /* mastercard.png in Resources */ = {isa = PBXBuildFile; fileRef = 4977D043191A9C6F00AC621F /* mastercard.png */; };
		4977D077191AB96900AC621F /* mastercard@2x.png in Resources */ = {isa = PBXBuildFile; fileRef = 4977D044191A9C6F00AC621F /* mastercard@2x.png */; };
		4977D078191AB96900AC621F /* visa.png in Resources */ = {isa = PBXBuildFile; fileRef = 4977D045191A9C6F00AC621F /* visa.png */; };
		4977D079191AB96900AC621F /* visa@2x.png in Resources */ = {isa = PBXBuildFile; fileRef = 4977D046191A9C6F00AC621F /* visa@2x.png */; };
		49C499321925645F00402775 /* Accelerate.framework in Frameworks */ = {isa = PBXBuildFile; fileRef = 49C499311925645F00402775 /* Accelerate.framework */; };
		49C499391925C2E700402775 /* SIMResponseViewController.h in Headers */ = {isa = PBXBuildFile; fileRef = 49C499371925C2E700402775 /* SIMResponseViewController.h */; settings = {ATTRIBUTES = (Public, ); }; };
		49C4993A1925C2E800402775 /* SIMResponseViewController.m in Sources */ = {isa = PBXBuildFile; fileRef = 49C499381925C2E700402775 /* SIMResponseViewController.m */; };
/* End PBXBuildFile section */

/* Begin PBXContainerItemProxy section */
		49748F75191849C600738BC9 /* PBXContainerItemProxy */ = {
			isa = PBXContainerItemProxy;
			containerPortal = 49748F57191849C600738BC9 /* Project object */;
			proxyType = 1;
			remoteGlobalIDString = 49748F5E191849C600738BC9;
			remoteInfo = SimplifyMerchantSDK;
		};
		49748F981918710400738BC9 /* PBXContainerItemProxy */ = {
			isa = PBXContainerItemProxy;
			containerPortal = 49748F57191849C600738BC9 /* Project object */;
			proxyType = 1;
			remoteGlobalIDString = 49748F5E191849C600738BC9;
			remoteInfo = SimplifyMerchantSDK;
		};
		4977D07A191AB97700AC621F /* PBXContainerItemProxy */ = {
			isa = PBXContainerItemProxy;
			containerPortal = 49748F57191849C600738BC9 /* Project object */;
			proxyType = 1;
			remoteGlobalIDString = 4977D05C191AB89C00AC621F;
			remoteInfo = SimplifyResources;
		};
/* End PBXContainerItemProxy section */

/* Begin PBXCopyFilesBuildPhase section */
		49748F5D191849C600738BC9 /* CopyFiles */ = {
			isa = PBXCopyFilesBuildPhase;
			buildActionMask = 2147483647;
			dstPath = "include/$(PRODUCT_NAME)";
			dstSubfolderSpec = 16;
			files = (
				49748F9D1918733B00738BC9 /* Simplify.h in CopyFiles */,
			);
			runOnlyForDeploymentPostprocessing = 0;
		};
/* End PBXCopyFilesBuildPhase section */

/* Begin PBXFileReference section */
		495EEEC6191B372900AEC402 /* SIMAddress.h */ = {isa = PBXFileReference; fileEncoding = 4; lastKnownFileType = sourcecode.c.h; path = SIMAddress.h; sourceTree = "<group>"; };
		495EEEC7191B372900AEC402 /* SIMAddress.m */ = {isa = PBXFileReference; fileEncoding = 4; lastKnownFileType = sourcecode.c.objc; path = SIMAddress.m; sourceTree = "<group>"; };
		495EEECA191B387200AEC402 /* SIMCreditCardToken.h */ = {isa = PBXFileReference; fileEncoding = 4; lastKnownFileType = sourcecode.c.h; path = SIMCreditCardToken.h; sourceTree = "<group>"; };
		495EEECB191B387200AEC402 /* SIMCreditCardToken.m */ = {isa = PBXFileReference; fileEncoding = 4; lastKnownFileType = sourcecode.c.objc; path = SIMCreditCardToken.m; sourceTree = "<group>"; };
		495EEECE191B4CE600AEC402 /* SIMAddressTests.m */ = {isa = PBXFileReference; fileEncoding = 4; lastKnownFileType = sourcecode.c.objc; path = SIMAddressTests.m; sourceTree = "<group>"; };
		495EEECF191B4CE600AEC402 /* SIMCreditCardTokenTests.m */ = {isa = PBXFileReference; fileEncoding = 4; lastKnownFileType = sourcecode.c.objc; path = SIMCreditCardTokenTests.m; sourceTree = "<group>"; };
		495EEF761923DFE700AEC402 /* UIColor+Simplify.h */ = {isa = PBXFileReference; fileEncoding = 4; lastKnownFileType = sourcecode.c.h; path = "UIColor+Simplify.h"; sourceTree = "<group>"; };
		495EEF771923DFE700AEC402 /* UIColor+Simplify.m */ = {isa = PBXFileReference; fileEncoding = 4; lastKnownFileType = sourcecode.c.objc; path = "UIColor+Simplify.m"; sourceTree = "<group>"; };
		495EEF7B192401D700AEC402 /* SIMChargeCardViewController.xib */ = {isa = PBXFileReference; fileEncoding = 4; lastKnownFileType = file.xib; path = SIMChargeCardViewController.xib; sourceTree = "<group>"; };
		495EEF7C192401D700AEC402 /* SIMChargeCardViewController.m */ = {isa = PBXFileReference; fileEncoding = 4; lastKnownFileType = sourcecode.c.objc; path = SIMChargeCardViewController.m; sourceTree = "<group>"; };
		495EEF7D192401D700AEC402 /* SIMChargeCardModel.m */ = {isa = PBXFileReference; fileEncoding = 4; lastKnownFileType = sourcecode.c.objc; path = SIMChargeCardModel.m; sourceTree = "<group>"; };
		495EEF7E192401D700AEC402 /* SIMChargeCardModelTests.m */ = {isa = PBXFileReference; fileEncoding = 4; lastKnownFileType = sourcecode.c.objc; path = SIMChargeCardModelTests.m; sourceTree = "<group>"; };
		495EEF7F192401D700AEC402 /* SIMChargeCardModel.h */ = {isa = PBXFileReference; fileEncoding = 4; lastKnownFileType = sourcecode.c.h; path = SIMChargeCardModel.h; sourceTree = "<group>"; };
		495EEF84192401E000AEC402 /* SIMButton.m */ = {isa = PBXFileReference; fileEncoding = 4; lastKnownFileType = sourcecode.c.objc; path = SIMButton.m; sourceTree = "<group>"; };
		495EEF85192401E000AEC402 /* SIMButton.h */ = {isa = PBXFileReference; fileEncoding = 4; lastKnownFileType = sourcecode.c.h; path = SIMButton.h; sourceTree = "<group>"; };
		495EEF881924021E00AEC402 /* SIMChargeCardViewController.h */ = {isa = PBXFileReference; fileEncoding = 4; lastKnownFileType = sourcecode.c.h; path = SIMChargeCardViewController.h; sourceTree = "<group>"; };
		495EEF8F1924049700AEC402 /* NSBundle+Simplify.h */ = {isa = PBXFileReference; fileEncoding = 4; lastKnownFileType = sourcecode.c.h; path = "NSBundle+Simplify.h"; sourceTree = "<group>"; };
		495EEF901924049700AEC402 /* NSBundle+Simplify.m */ = {isa = PBXFileReference; fileEncoding = 4; lastKnownFileType = sourcecode.c.objc; path = "NSBundle+Simplify.m"; sourceTree = "<group>"; };
		495EEF93192406FF00AEC402 /* UIImage+Simplify.h */ = {isa = PBXFileReference; fileEncoding = 4; lastKnownFileType = sourcecode.c.h; path = "UIImage+Simplify.h"; sourceTree = "<group>"; };
		495EEF94192406FF00AEC402 /* UIImage+Simplify.m */ = {isa = PBXFileReference; fileEncoding = 4; lastKnownFileType = sourcecode.c.objc; path = "UIImage+Simplify.m"; sourceTree = "<group>"; };
		49748F5F191849C600738BC9 /* libSimplify.a */ = {isa = PBXFileReference; explicitFileType = archive.ar; includeInIndex = 0; path = libSimplify.a; sourceTree = BUILT_PRODUCTS_DIR; };
		49748F62191849C600738BC9 /* Foundation.framework */ = {isa = PBXFileReference; lastKnownFileType = wrapper.framework; name = Foundation.framework; path = System/Library/Frameworks/Foundation.framework; sourceTree = SDKROOT; };
		49748F66191849C600738BC9 /* SimplifyMerchantSDK-Prefix.pch */ = {isa = PBXFileReference; lastKnownFileType = sourcecode.c.h; path = "SimplifyMerchantSDK-Prefix.pch"; sourceTree = "<group>"; };
		49748F6F191849C600738BC9 /* SimplifyMerchantSDKTests.xctest */ = {isa = PBXFileReference; explicitFileType = wrapper.cfbundle; includeInIndex = 0; path = SimplifyMerchantSDKTests.xctest; sourceTree = BUILT_PRODUCTS_DIR; };
		49748F70191849C600738BC9 /* XCTest.framework */ = {isa = PBXFileReference; lastKnownFileType = wrapper.framework; name = XCTest.framework; path = Library/Frameworks/XCTest.framework; sourceTree = DEVELOPER_DIR; };
		49748F73191849C600738BC9 /* UIKit.framework */ = {isa = PBXFileReference; lastKnownFileType = wrapper.framework; name = UIKit.framework; path = Library/Frameworks/UIKit.framework; sourceTree = DEVELOPER_DIR; };
		49748F7A191849C600738BC9 /* SimplifyMerchantSDKTests-Info.plist */ = {isa = PBXFileReference; lastKnownFileType = text.plist.xml; name = "SimplifyMerchantSDKTests-Info.plist"; path = "SimplifyMerchantSDKTests/SimplifyMerchantSDKTests-Info.plist"; sourceTree = SOURCE_ROOT; };
		49748F7C191849C600738BC9 /* en */ = {isa = PBXFileReference; lastKnownFileType = text.plist.strings; name = en; path = en.lproj/InfoPlist.strings; sourceTree = "<group>"; };
		49748F8919184A3F00738BC9 /* libOCMock.a */ = {isa = PBXFileReference; lastKnownFileType = archive.ar; path = libOCMock.a; sourceTree = "<group>"; };
		49748F8B19184A3F00738BC9 /* NSNotificationCenter+OCMAdditions.h */ = {isa = PBXFileReference; fileEncoding = 4; lastKnownFileType = sourcecode.c.h; path = "NSNotificationCenter+OCMAdditions.h"; sourceTree = "<group>"; };
		49748F8C19184A3F00738BC9 /* OCMArg.h */ = {isa = PBXFileReference; fileEncoding = 4; lastKnownFileType = sourcecode.c.h; path = OCMArg.h; sourceTree = "<group>"; };
		49748F8D19184A3F00738BC9 /* OCMConstraint.h */ = {isa = PBXFileReference; fileEncoding = 4; lastKnownFileType = sourcecode.c.h; path = OCMConstraint.h; sourceTree = "<group>"; };
		49748F8E19184A3F00738BC9 /* OCMock.h */ = {isa = PBXFileReference; fileEncoding = 4; lastKnownFileType = sourcecode.c.h; path = OCMock.h; sourceTree = "<group>"; };
		49748F8F19184A3F00738BC9 /* OCMockObject.h */ = {isa = PBXFileReference; fileEncoding = 4; lastKnownFileType = sourcecode.c.h; path = OCMockObject.h; sourceTree = "<group>"; };
		49748F9019184A3F00738BC9 /* OCMockRecorder.h */ = {isa = PBXFileReference; fileEncoding = 4; lastKnownFileType = sourcecode.c.h; path = OCMockRecorder.h; sourceTree = "<group>"; };
		49748F9219184D3700738BC9 /* SimplifyMerchantSDKTests-Prefix.pch */ = {isa = PBXFileReference; fileEncoding = 4; lastKnownFileType = sourcecode.c.h; name = "SimplifyMerchantSDKTests-Prefix.pch"; path = "SimplifyMerchantSDKTests/SimplifyMerchantSDKTests-Prefix.pch"; sourceTree = SOURCE_ROOT; };
		49748F9B191872A100738BC9 /* Simplify.h */ = {isa = PBXFileReference; fileEncoding = 4; lastKnownFileType = sourcecode.c.h; path = Simplify.h; sourceTree = "<group>"; };
		49748FA619188D2C00738BC9 /* SIMSimplify.h */ = {isa = PBXFileReference; fileEncoding = 4; lastKnownFileType = sourcecode.c.h; path = SIMSimplify.h; sourceTree = "<group>"; };
		49748FA719188D2C00738BC9 /* SIMSimplify.m */ = {isa = PBXFileReference; fileEncoding = 4; lastKnownFileType = sourcecode.c.objc; path = SIMSimplify.m; sourceTree = "<group>"; };
		49748FAA191927E600738BC9 /* SIMSimplifyTests.m */ = {isa = PBXFileReference; fileEncoding = 4; lastKnownFileType = sourcecode.c.objc; path = SIMSimplifyTests.m; sourceTree = "<group>"; };
		49748FAD1919323600738BC9 /* NSString+Simplify.h */ = {isa = PBXFileReference; fileEncoding = 4; lastKnownFileType = sourcecode.c.h; path = "NSString+Simplify.h"; sourceTree = "<group>"; };
		49748FAE1919323600738BC9 /* NSString+Simplify.m */ = {isa = PBXFileReference; fileEncoding = 4; lastKnownFileType = sourcecode.c.objc; path = "NSString+Simplify.m"; sourceTree = "<group>"; };
		4977D030191A9C6F00AC621F /* SIMLuhnValidator.m */ = {isa = PBXFileReference; fileEncoding = 4; lastKnownFileType = sourcecode.c.objc; path = SIMLuhnValidator.m; sourceTree = "<group>"; };
		4977D031191A9C6F00AC621F /* SIMLuhnValidatorTests.m */ = {isa = PBXFileReference; fileEncoding = 4; lastKnownFileType = sourcecode.c.objc; path = SIMLuhnValidatorTests.m; sourceTree = "<group>"; };
		4977D032191A9C6F00AC621F /* SIMCardType.h */ = {isa = PBXFileReference; fileEncoding = 4; lastKnownFileType = sourcecode.c.h; path = SIMCardType.h; sourceTree = "<group>"; };
		4977D033191A9C6F00AC621F /* SIMCardType.m */ = {isa = PBXFileReference; fileEncoding = 4; lastKnownFileType = sourcecode.c.objc; path = SIMCardType.m; sourceTree = "<group>"; };
		4977D034191A9C6F00AC621F /* SIMCardTypeTests.m */ = {isa = PBXFileReference; fileEncoding = 4; lastKnownFileType = sourcecode.c.objc; path = SIMCardTypeTests.m; sourceTree = "<group>"; };
		4977D035191A9C6F00AC621F /* SIMLuhnValidator.h */ = {isa = PBXFileReference; fileEncoding = 4; lastKnownFileType = sourcecode.c.h; path = SIMLuhnValidator.h; sourceTree = "<group>"; };
		4977D037191A9C6F00AC621F /* amex.png */ = {isa = PBXFileReference; lastKnownFileType = image.png; path = amex.png; sourceTree = "<group>"; };
		4977D038191A9C6F00AC621F /* amex@2x.png */ = {isa = PBXFileReference; lastKnownFileType = image.png; path = "amex@2x.png"; sourceTree = "<group>"; };
		4977D039191A9C6F00AC621F /* blank.png */ = {isa = PBXFileReference; lastKnownFileType = image.png; path = blank.png; sourceTree = "<group>"; };
		4977D03A191A9C6F00AC621F /* blank@2x.png */ = {isa = PBXFileReference; lastKnownFileType = image.png; path = "blank@2x.png"; sourceTree = "<group>"; };
		4977D03B191A9C6F00AC621F /* china-union.png */ = {isa = PBXFileReference; lastKnownFileType = image.png; path = "china-union.png"; sourceTree = "<group>"; };
		4977D03C191A9C6F00AC621F /* china-union@2x.png */ = {isa = PBXFileReference; lastKnownFileType = image.png; path = "china-union@2x.png"; sourceTree = "<group>"; };
		4977D03D191A9C6F00AC621F /* diners.png */ = {isa = PBXFileReference; lastKnownFileType = image.png; path = diners.png; sourceTree = "<group>"; };
		4977D03E191A9C6F00AC621F /* diners@2x.png */ = {isa = PBXFileReference; lastKnownFileType = image.png; path = "diners@2x.png"; sourceTree = "<group>"; };
		4977D03F191A9C6F00AC621F /* discover.png */ = {isa = PBXFileReference; lastKnownFileType = image.png; path = discover.png; sourceTree = "<group>"; };
		4977D040191A9C6F00AC621F /* discover@2x.png */ = {isa = PBXFileReference; lastKnownFileType = image.png; path = "discover@2x.png"; sourceTree = "<group>"; };
		4977D041191A9C6F00AC621F /* jcb.png */ = {isa = PBXFileReference; lastKnownFileType = image.png; path = jcb.png; sourceTree = "<group>"; };
		4977D042191A9C6F00AC621F /* jcb@2x.png */ = {isa = PBXFileReference; lastKnownFileType = image.png; path = "jcb@2x.png"; sourceTree = "<group>"; };
		4977D043191A9C6F00AC621F /* mastercard.png */ = {isa = PBXFileReference; lastKnownFileType = image.png; path = mastercard.png; sourceTree = "<group>"; };
		4977D044191A9C6F00AC621F /* mastercard@2x.png */ = {isa = PBXFileReference; lastKnownFileType = image.png; path = "mastercard@2x.png"; sourceTree = "<group>"; };
		4977D045191A9C6F00AC621F /* visa.png */ = {isa = PBXFileReference; lastKnownFileType = image.png; path = visa.png; sourceTree = "<group>"; };
		4977D046191A9C6F00AC621F /* visa@2x.png */ = {isa = PBXFileReference; lastKnownFileType = image.png; path = "visa@2x.png"; sourceTree = "<group>"; };
		4977D047191A9C6F00AC621F /* SIMDigitVerifier.h */ = {isa = PBXFileReference; fileEncoding = 4; lastKnownFileType = sourcecode.c.h; path = SIMDigitVerifier.h; sourceTree = "<group>"; };
		4977D048191A9C6F00AC621F /* SIMDigitVerifier.m */ = {isa = PBXFileReference; fileEncoding = 4; lastKnownFileType = sourcecode.c.objc; path = SIMDigitVerifier.m; sourceTree = "<group>"; };
		4977D049191A9C6F00AC621F /* SIMDigitVerifierTests.m */ = {isa = PBXFileReference; fileEncoding = 4; lastKnownFileType = sourcecode.c.objc; path = SIMDigitVerifierTests.m; sourceTree = "<group>"; };
		4977D05D191AB89C00AC621F /* Simplify.bundle */ = {isa = PBXFileReference; explicitFileType = wrapper.cfbundle; includeInIndex = 0; path = Simplify.bundle; sourceTree = BUILT_PRODUCTS_DIR; };
		4977D05E191AB89C00AC621F /* CoreFoundation.framework */ = {isa = PBXFileReference; lastKnownFileType = wrapper.framework; name = CoreFoundation.framework; path = System/Library/Frameworks/CoreFoundation.framework; sourceTree = SDKROOT; };
		49C499311925645F00402775 /* Accelerate.framework */ = {isa = PBXFileReference; lastKnownFileType = wrapper.framework; name = Accelerate.framework; path = System/Library/Frameworks/Accelerate.framework; sourceTree = SDKROOT; };
		49C499371925C2E700402775 /* SIMResponseViewController.h */ = {isa = PBXFileReference; fileEncoding = 4; lastKnownFileType = sourcecode.c.h; path = SIMResponseViewController.h; sourceTree = "<group>"; };
		49C499381925C2E700402775 /* SIMResponseViewController.m */ = {isa = PBXFileReference; fileEncoding = 4; lastKnownFileType = sourcecode.c.objc; path = SIMResponseViewController.m; sourceTree = "<group>"; };
		49C499481929B70400402775 /* SimplifyMerchantSDK-Info.plist */ = {isa = PBXFileReference; fileEncoding = 4; lastKnownFileType = text.plist.xml; path = "SimplifyMerchantSDK-Info.plist"; sourceTree = "<group>"; };
/* End PBXFileReference section */

/* Begin PBXFrameworksBuildPhase section */
		49748F5C191849C600738BC9 /* Frameworks */ = {
			isa = PBXFrameworksBuildPhase;
			buildActionMask = 2147483647;
			files = (
				49748F63191849C600738BC9 /* Foundation.framework in Frameworks */,
			);
			runOnlyForDeploymentPostprocessing = 0;
		};
		49748F6C191849C600738BC9 /* Frameworks */ = {
			isa = PBXFrameworksBuildPhase;
			buildActionMask = 2147483647;
			files = (
				49748FAC19192A8900738BC9 /* libOCMock.a in Frameworks */,
				49748F71191849C600738BC9 /* XCTest.framework in Frameworks */,
				49748F74191849C600738BC9 /* UIKit.framework in Frameworks */,
				49748F72191849C600738BC9 /* Foundation.framework in Frameworks */,
				49748F77191849C600738BC9 /* libSimplify.a in Frameworks */,
			);
			runOnlyForDeploymentPostprocessing = 0;
		};
		4977D05A191AB89C00AC621F /* Frameworks */ = {
			isa = PBXFrameworksBuildPhase;
			buildActionMask = 2147483647;
			files = (
				49C499321925645F00402775 /* Accelerate.framework in Frameworks */,
				4977D05F191AB89C00AC621F /* CoreFoundation.framework in Frameworks */,
			);
			runOnlyForDeploymentPostprocessing = 0;
		};
/* End PBXFrameworksBuildPhase section */

/* Begin PBXGroup section */
		495EEEC5191B36D800AEC402 /* Credit Card Token */ = {
			isa = PBXGroup;
			children = (
				495EEECA191B387200AEC402 /* SIMCreditCardToken.h */,
				495EEECB191B387200AEC402 /* SIMCreditCardToken.m */,
				495EEECF191B4CE600AEC402 /* SIMCreditCardTokenTests.m */,
			);
			name = "Credit Card Token";
			sourceTree = "<group>";
		};
		495EEF7A192401B600AEC402 /* ChargeView */ = {
			isa = PBXGroup;
			children = (
				49C499371925C2E700402775 /* SIMResponseViewController.h */,
				49C499381925C2E700402775 /* SIMResponseViewController.m */,
				495EEF7B192401D700AEC402 /* SIMChargeCardViewController.xib */,
				495EEF881924021E00AEC402 /* SIMChargeCardViewController.h */,
				495EEF7C192401D700AEC402 /* SIMChargeCardViewController.m */,
				495EEF7F192401D700AEC402 /* SIMChargeCardModel.h */,
				495EEF7D192401D700AEC402 /* SIMChargeCardModel.m */,
				495EEF7E192401D700AEC402 /* SIMChargeCardModelTests.m */,
				495EEF85192401E000AEC402 /* SIMButton.h */,
				495EEF84192401E000AEC402 /* SIMButton.m */,
			);
			name = ChargeView;
			sourceTree = "<group>";
		};
		49748F56191849C600738BC9 = {
			isa = PBXGroup;
			children = (
				49748F64191849C600738BC9 /* SimplifyMerchantSDK */,
				49748F61191849C600738BC9 /* Frameworks */,
				49748F60191849C600738BC9 /* Products */,
			);
			sourceTree = "<group>";
		};
		49748F60191849C600738BC9 /* Products */ = {
			isa = PBXGroup;
			children = (
				49748F5F191849C600738BC9 /* libSimplify.a */,
				49748F6F191849C600738BC9 /* SimplifyMerchantSDKTests.xctest */,
				4977D05D191AB89C00AC621F /* Simplify.bundle */,
			);
			name = Products;
			sourceTree = "<group>";
		};
		49748F61191849C600738BC9 /* Frameworks */ = {
			isa = PBXGroup;
			children = (
				49C499311925645F00402775 /* Accelerate.framework */,
				49748F8819184A3F00738BC9 /* ocmock */,
				49748F62191849C600738BC9 /* Foundation.framework */,
				49748F70191849C600738BC9 /* XCTest.framework */,
				49748F73191849C600738BC9 /* UIKit.framework */,
				4977D05E191AB89C00AC621F /* CoreFoundation.framework */,
			);
			name = Frameworks;
			sourceTree = "<group>";
		};
		49748F64191849C600738BC9 /* SimplifyMerchantSDK */ = {
			isa = PBXGroup;
			children = (
				495EEF7A192401B600AEC402 /* ChargeView */,
				49748FA319188CCD00738BC9 /* Common */,
				4977D055191A9D2A00AC621F /* Digit Verification */,
				4977D054191A9CB800AC621F /* Card Identification */,
				4977D053191A9C9000AC621F /* Luhn Validator */,
				7EF161BA19229EF9008F805A /* Address */,
				495EEEC5191B36D800AEC402 /* Credit Card Token */,
				7EF161B819229EA8008F805A /* Simplify */,
				49748F9B191872A100738BC9 /* Simplify.h */,
				49748F65191849C600738BC9 /* Supporting Files */,
			);
			path = SimplifyMerchantSDK;
			sourceTree = "<group>";
		};
		49748F65191849C600738BC9 /* Supporting Files */ = {
			isa = PBXGroup;
			children = (
				49748F66191849C600738BC9 /* SimplifyMerchantSDK-Prefix.pch */,
				49C499481929B70400402775 /* SimplifyMerchantSDK-Info.plist */,
				49748F7A191849C600738BC9 /* SimplifyMerchantSDKTests-Info.plist */,
				49748F9219184D3700738BC9 /* SimplifyMerchantSDKTests-Prefix.pch */,
				49748F7B191849C600738BC9 /* InfoPlist.strings */,
			);
			name = "Supporting Files";
			sourceTree = "<group>";
		};
		49748F8819184A3F00738BC9 /* ocmock */ = {
			isa = PBXGroup;
			children = (
				49748F8919184A3F00738BC9 /* libOCMock.a */,
				49748F8A19184A3F00738BC9 /* OCMock */,
			);
			name = ocmock;
			path = ../vendor/ocmock;
			sourceTree = "<group>";
		};
		49748F8A19184A3F00738BC9 /* OCMock */ = {
			isa = PBXGroup;
			children = (
				49748F8B19184A3F00738BC9 /* NSNotificationCenter+OCMAdditions.h */,
				49748F8C19184A3F00738BC9 /* OCMArg.h */,
				49748F8D19184A3F00738BC9 /* OCMConstraint.h */,
				49748F8E19184A3F00738BC9 /* OCMock.h */,
				49748F8F19184A3F00738BC9 /* OCMockObject.h */,
				49748F9019184A3F00738BC9 /* OCMockRecorder.h */,
			);
			path = OCMock;
			sourceTree = "<group>";
		};
		49748FA319188CCD00738BC9 /* Common */ = {
			isa = PBXGroup;
			children = (
				495EEF761923DFE700AEC402 /* UIColor+Simplify.h */,
				495EEF771923DFE700AEC402 /* UIColor+Simplify.m */,
				49748FAD1919323600738BC9 /* NSString+Simplify.h */,
				49748FAE1919323600738BC9 /* NSString+Simplify.m */,
				495EEF8F1924049700AEC402 /* NSBundle+Simplify.h */,
				495EEF901924049700AEC402 /* NSBundle+Simplify.m */,
				495EEF93192406FF00AEC402 /* UIImage+Simplify.h */,
				495EEF94192406FF00AEC402 /* UIImage+Simplify.m */,
			);
			name = Common;
			sourceTree = "<group>";
		};
		4977D036191A9C6F00AC621F /* CardIcons */ = {
			isa = PBXGroup;
			children = (
				4977D037191A9C6F00AC621F /* amex.png */,
				4977D038191A9C6F00AC621F /* amex@2x.png */,
				4977D039191A9C6F00AC621F /* blank.png */,
				4977D03A191A9C6F00AC621F /* blank@2x.png */,
				4977D03B191A9C6F00AC621F /* china-union.png */,
				4977D03C191A9C6F00AC621F /* china-union@2x.png */,
				4977D03D191A9C6F00AC621F /* diners.png */,
				4977D03E191A9C6F00AC621F /* diners@2x.png */,
				4977D03F191A9C6F00AC621F /* discover.png */,
				4977D040191A9C6F00AC621F /* discover@2x.png */,
				4977D041191A9C6F00AC621F /* jcb.png */,
				4977D042191A9C6F00AC621F /* jcb@2x.png */,
				4977D043191A9C6F00AC621F /* mastercard.png */,
				4977D044191A9C6F00AC621F /* mastercard@2x.png */,
				4977D045191A9C6F00AC621F /* visa.png */,
				4977D046191A9C6F00AC621F /* visa@2x.png */,
			);
			path = CardIcons;
			sourceTree = "<group>";
		};
		4977D053191A9C9000AC621F /* Luhn Validator */ = {
			isa = PBXGroup;
			children = (
				4977D035191A9C6F00AC621F /* SIMLuhnValidator.h */,
				4977D030191A9C6F00AC621F /* SIMLuhnValidator.m */,
				4977D031191A9C6F00AC621F /* SIMLuhnValidatorTests.m */,
			);
			name = "Luhn Validator";
			sourceTree = "<group>";
		};
		4977D054191A9CB800AC621F /* Card Identification */ = {
			isa = PBXGroup;
			children = (
				4977D036191A9C6F00AC621F /* CardIcons */,
				4977D032191A9C6F00AC621F /* SIMCardType.h */,
				4977D033191A9C6F00AC621F /* SIMCardType.m */,
				4977D034191A9C6F00AC621F /* SIMCardTypeTests.m */,
			);
			name = "Card Identification";
			sourceTree = "<group>";
		};
		4977D055191A9D2A00AC621F /* Digit Verification */ = {
			isa = PBXGroup;
			children = (
				4977D047191A9C6F00AC621F /* SIMDigitVerifier.h */,
				4977D048191A9C6F00AC621F /* SIMDigitVerifier.m */,
				4977D049191A9C6F00AC621F /* SIMDigitVerifierTests.m */,
			);
			name = "Digit Verification";
			sourceTree = "<group>";
		};
		7EF161B819229EA8008F805A /* Simplify */ = {
			isa = PBXGroup;
			children = (
				49748FAA191927E600738BC9 /* SIMSimplifyTests.m */,
				49748FA619188D2C00738BC9 /* SIMSimplify.h */,
				49748FA719188D2C00738BC9 /* SIMSimplify.m */,
			);
			name = Simplify;
			sourceTree = "<group>";
		};
		7EF161BA19229EF9008F805A /* Address */ = {
			isa = PBXGroup;
			children = (
				495EEEC6191B372900AEC402 /* SIMAddress.h */,
				495EEEC7191B372900AEC402 /* SIMAddress.m */,
				495EEECE191B4CE600AEC402 /* SIMAddressTests.m */,
			);
			name = Address;
			sourceTree = "<group>";
		};
/* End PBXGroup section */

/* Begin PBXHeadersBuildPhase section */
		49748F9C1918731E00738BC9 /* Headers */ = {
			isa = PBXHeadersBuildPhase;
			buildActionMask = 2147483647;
			files = (
				4977D04F191A9C6F00AC621F /* SIMLuhnValidator.h in Headers */,
				4977D050191A9C6F00AC621F /* SIMDigitVerifier.h in Headers */,
				4977D04C191A9C6F00AC621F /* SIMCardType.h in Headers */,
				49748FAF1919323600738BC9 /* NSString+Simplify.h in Headers */,
				49748FA819188D2C00738BC9 /* SIMSimplify.h in Headers */,
				495EEEC8191B372900AEC402 /* SIMAddress.h in Headers */,
				495EEF87192401E000AEC402 /* SIMButton.h in Headers */,
				49C499391925C2E700402775 /* SIMResponseViewController.h in Headers */,
				495EEF891924021E00AEC402 /* SIMChargeCardViewController.h in Headers */,
				495EEF95192406FF00AEC402 /* UIImage+Simplify.h in Headers */,
				495EEF83192401D700AEC402 /* SIMChargeCardModel.h in Headers */,
				495EEF911924049700AEC402 /* NSBundle+Simplify.h in Headers */,
				495EEF781923DFE700AEC402 /* UIColor+Simplify.h in Headers */,
				495EEECC191B387200AEC402 /* SIMCreditCardToken.h in Headers */,
				49748F9E1918734600738BC9 /* Simplify.h in Headers */,
			);
			runOnlyForDeploymentPostprocessing = 0;
		};
/* End PBXHeadersBuildPhase section */

/* Begin PBXNativeTarget section */
		49748F5E191849C600738BC9 /* Simplify */ = {
			isa = PBXNativeTarget;
			buildConfigurationList = 49748F82191849C600738BC9 /* Build configuration list for PBXNativeTarget "Simplify" */;
			buildPhases = (
				49748F5B191849C600738BC9 /* Sources */,
				49748F5C191849C600738BC9 /* Frameworks */,
				49748F5D191849C600738BC9 /* CopyFiles */,
				49748F9C1918731E00738BC9 /* Headers */,
				49748F93191870A400738BC9 /* ShellScript */,
			);
			buildRules = (
			);
			dependencies = (
			);
			name = Simplify;
			productName = SimplifyMerchantSDK;
			productReference = 49748F5F191849C600738BC9 /* libSimplify.a */;
			productType = "com.apple.product-type.library.static";
		};
		49748F6E191849C600738BC9 /* SimplifyMerchantSDKTests */ = {
			isa = PBXNativeTarget;
			buildConfigurationList = 49748F85191849C600738BC9 /* Build configuration list for PBXNativeTarget "SimplifyMerchantSDKTests" */;
			buildPhases = (
				49748F6B191849C600738BC9 /* Sources */,
				49748F6C191849C600738BC9 /* Frameworks */,
				49748F6D191849C600738BC9 /* Resources */,
			);
			buildRules = (
			);
			dependencies = (
				49748F76191849C600738BC9 /* PBXTargetDependency */,
			);
			name = SimplifyMerchantSDKTests;
			productName = SimplifyMerchantSDKTests;
			productReference = 49748F6F191849C600738BC9 /* SimplifyMerchantSDKTests.xctest */;
			productType = "com.apple.product-type.bundle.unit-test";
		};
		4977D05C191AB89C00AC621F /* SimplifyResources */ = {
			isa = PBXNativeTarget;
			buildConfigurationList = 4977D069191AB89C00AC621F /* Build configuration list for PBXNativeTarget "SimplifyResources" */;
			buildPhases = (
				4977D059191AB89C00AC621F /* Sources */,
				4977D05A191AB89C00AC621F /* Frameworks */,
				4977D05B191AB89C00AC621F /* Resources */,
			);
			buildRules = (
			);
			dependencies = (
			);
			name = SimplifyResources;
			productName = SimplifyResources;
			productReference = 4977D05D191AB89C00AC621F /* Simplify.bundle */;
			productType = "com.apple.product-type.bundle";
		};
/* End PBXNativeTarget section */

/* Begin PBXProject section */
		49748F57191849C600738BC9 /* Project object */ = {
			isa = PBXProject;
			attributes = {
				LastUpgradeCheck = 0510;
				ORGANIZATIONNAME = "MasterCard Labs";
			};
			buildConfigurationList = 49748F5A191849C600738BC9 /* Build configuration list for PBXProject "SimplifyMerchantSDK" */;
			compatibilityVersion = "Xcode 3.2";
			developmentRegion = English;
			hasScannedForEncodings = 0;
			knownRegions = (
				en,
			);
			mainGroup = 49748F56191849C600738BC9;
			productRefGroup = 49748F60191849C600738BC9 /* Products */;
			projectDirPath = "";
			projectRoot = "";
			targets = (
				49748F5E191849C600738BC9 /* Simplify */,
				49748F94191870F500738BC9 /* SimplifyFramework */,
				49748F6E191849C600738BC9 /* SimplifyMerchantSDKTests */,
				4977D05C191AB89C00AC621F /* SimplifyResources */,
			);
		};
/* End PBXProject section */

/* Begin PBXResourcesBuildPhase section */
		49748F6D191849C600738BC9 /* Resources */ = {
			isa = PBXResourcesBuildPhase;
			buildActionMask = 2147483647;
			files = (
				49748F7D191849C600738BC9 /* InfoPlist.strings in Resources */,
			);
			runOnlyForDeploymentPostprocessing = 0;
		};
		4977D05B191AB89C00AC621F /* Resources */ = {
			isa = PBXResourcesBuildPhase;
			buildActionMask = 2147483647;
			files = (
				495EEF8E192403B000AEC402 /* SIMChargeCardViewController.xib in Resources */,
				4977D06A191AB96900AC621F /* amex.png in Resources */,
				4977D06B191AB96900AC621F /* amex@2x.png in Resources */,
				4977D06C191AB96900AC621F /* blank.png in Resources */,
				4977D06D191AB96900AC621F /* blank@2x.png in Resources */,
				4977D06E191AB96900AC621F /* china-union.png in Resources */,
				4977D06F191AB96900AC621F /* china-union@2x.png in Resources */,
				4977D070191AB96900AC621F /* diners.png in Resources */,
				4977D071191AB96900AC621F /* diners@2x.png in Resources */,
				4977D072191AB96900AC621F /* discover.png in Resources */,
				4977D073191AB96900AC621F /* discover@2x.png in Resources */,
				4977D074191AB96900AC621F /* jcb.png in Resources */,
				4977D075191AB96900AC621F /* jcb@2x.png in Resources */,
				4977D076191AB96900AC621F /* mastercard.png in Resources */,
				4977D077191AB96900AC621F /* mastercard@2x.png in Resources */,
				4977D078191AB96900AC621F /* visa.png in Resources */,
				4977D079191AB96900AC621F /* visa@2x.png in Resources */,
			);
			runOnlyForDeploymentPostprocessing = 0;
		};
/* End PBXResourcesBuildPhase section */

/* Begin PBXShellScriptBuildPhase section */
		49748F93191870A400738BC9 /* ShellScript */ = {
			isa = PBXShellScriptBuildPhase;
			buildActionMask = 2147483647;
			files = (
			);
			inputPaths = (
			);
			outputPaths = (
			);
			runOnlyForDeploymentPostprocessing = 0;
			shellPath = /bin/sh;
			shellScript = "set -e\n\nmkdir -p \"${BUILT_PRODUCTS_DIR}/${PRODUCT_NAME}.framework/Versions/A/Headers\"\n/bin/ln -sfh A \"${BUILT_PRODUCTS_DIR}/${PRODUCT_NAME}.framework/Versions/Current\"\n/bin/ln -sfh Versions/Current/Headers \"${BUILT_PRODUCTS_DIR}/${PRODUCT_NAME}.framework/Headers\"\n/bin/ln -sfh \"Versions/Current/${PRODUCT_NAME}\" \"${BUILT_PRODUCTS_DIR}/${PRODUCT_NAME}.framework/${PRODUCT_NAME}\"\n/bin/cp -a \"${TARGET_BUILD_DIR}/${PUBLIC_HEADERS_FOLDER_PATH}/\" \"${BUILT_PRODUCTS_DIR}/${PRODUCT_NAME}.framework/Versions/A/Headers\"\n";
		};
		49748F9A1918710700738BC9 /* ShellScript */ = {
			isa = PBXShellScriptBuildPhase;
			buildActionMask = 2147483647;
			files = (
			);
			inputPaths = (
			);
			outputPaths = (
			);
			runOnlyForDeploymentPostprocessing = 0;
			shellPath = /bin/sh;
			shellScript = "set -e\nset +u\n# Avoid recursively calling this script.\nif [[ $SF_MASTER_SCRIPT_RUNNING ]]\nthen\nexit 0\nfi\nset -u\nexport SF_MASTER_SCRIPT_RUNNING=1\n\nSF_TARGET_NAME=Simplify\nSF_EXECUTABLE_PATH=\"lib${SF_TARGET_NAME}.a\"\nSF_WRAPPER_NAME=\"${SF_TARGET_NAME}.framework\"\n\nif [[ \"$SDK_NAME\" =~ ([A-Za-z]+) ]]\nthen\nSF_SDK_PLATFORM=${BASH_REMATCH[1]}\nelse\necho \"Could not find platform name from SDK_NAME: $SDK_NAME\"\nexit 1\nfi\n\nif [[ \"$SDK_NAME\" =~ ([0-9]+.*$) ]]\nthen\nSF_SDK_VERSION=${BASH_REMATCH[1]}\nelse\necho \"Could not find sdk version from SDK_NAME: $SDK_NAME\"\nexit 1\nfi\n\nif [[ \"$SF_SDK_PLATFORM\" = \"iphoneos\" ]]\nthen\nSF_OTHER_PLATFORM=iphonesimulator\nelse\nSF_OTHER_PLATFORM=iphoneos\nfi\n\nif [[ \"$BUILT_PRODUCTS_DIR\" =~ (.*)$SF_SDK_PLATFORM$ ]]\nthen\nSF_OTHER_BUILT_PRODUCTS_DIR=\"${BASH_REMATCH[1]}${SF_OTHER_PLATFORM}\"\nelse\necho \"Could not find platform name from build products directory: $BUILT_PRODUCTS_DIR\"\nexit 1\nfi\n\n# Build the other platform.\nxcodebuild -project \"${PROJECT_FILE_PATH}\" -target \"${TARGET_NAME}\" -configuration \"${CONFIGURATION}\" -sdk ${SF_OTHER_PLATFORM}${SF_SDK_VERSION} BUILD_DIR=\"${BUILD_DIR}\" OBJROOT=\"${OBJROOT}\" BUILD_ROOT=\"${BUILD_ROOT}\" SYMROOT=\"${SYMROOT}\" $ACTION\n\n# Smash the two static libraries into one fat binary and store it in the .framework\nlipo -create \"${BUILT_PRODUCTS_DIR}/${SF_EXECUTABLE_PATH}\" \"${SF_OTHER_BUILT_PRODUCTS_DIR}/${SF_EXECUTABLE_PATH}\" -output \"${BUILT_PRODUCTS_DIR}/${SF_WRAPPER_NAME}/Versions/A/${SF_TARGET_NAME}\"\n\n# Copy the binary to the other architecture folder to have a complete framework in both.\ncp -a \"${BUILT_PRODUCTS_DIR}/${SF_WRAPPER_NAME}/Versions/A/${SF_TARGET_NAME}\" \"${SF_OTHER_BUILT_PRODUCTS_DIR}/${SF_WRAPPER_NAME}/Versions/A/${SF_TARGET_NAME}\"\n\nopen ${BUILT_PRODUCTS_DIR}";
		};
/* End PBXShellScriptBuildPhase section */

/* Begin PBXSourcesBuildPhase section */
		49748F5B191849C600738BC9 /* Sources */ = {
			isa = PBXSourcesBuildPhase;
			buildActionMask = 2147483647;
			files = (
				495EEF791923DFE700AEC402 /* UIColor+Simplify.m in Sources */,
				49748FA919188D2C00738BC9 /* SIMSimplify.m in Sources */,
				495EEF81192401D700AEC402 /* SIMChargeCardModel.m in Sources */,
				495EEF86192401E000AEC402 /* SIMButton.m in Sources */,
				495EEF80192401D700AEC402 /* SIMChargeCardViewController.m in Sources */,
				4977D051191A9C6F00AC621F /* SIMDigitVerifier.m in Sources */,
				49748FB01919323600738BC9 /* NSString+Simplify.m in Sources */,
				49C4993A1925C2E800402775 /* SIMResponseViewController.m in Sources */,
				495EEF921924049700AEC402 /* NSBundle+Simplify.m in Sources */,
				495EEF96192406FF00AEC402 /* UIImage+Simplify.m in Sources */,
				4977D04D191A9C6F00AC621F /* SIMCardType.m in Sources */,
				4977D04A191A9C6F00AC621F /* SIMLuhnValidator.m in Sources */,
				495EEEC9191B372900AEC402 /* SIMAddress.m in Sources */,
				495EEECD191B387200AEC402 /* SIMCreditCardToken.m in Sources */,
			);
			runOnlyForDeploymentPostprocessing = 0;
		};
		49748F6B191849C600738BC9 /* Sources */ = {
			isa = PBXSourcesBuildPhase;
			buildActionMask = 2147483647;
			files = (
				495EEF8A1924023600AEC402 /* SIMChargeCardModelTests.m in Sources */,
				4977D056191A9D6700AC621F /* SIMLuhnValidatorTests.m in Sources */,
				4977D057191A9D6700AC621F /* SIMCardTypeTests.m in Sources */,
				495EEED0191B4CE600AEC402 /* SIMAddressTests.m in Sources */,
				495EEED1191B4CE600AEC402 /* SIMCreditCardTokenTests.m in Sources */,
				4977D058191A9D6700AC621F /* SIMDigitVerifierTests.m in Sources */,
				49748FAB191927E600738BC9 /* SIMSimplifyTests.m in Sources */,
			);
			runOnlyForDeploymentPostprocessing = 0;
		};
		4977D059191AB89C00AC621F /* Sources */ = {
			isa = PBXSourcesBuildPhase;
			buildActionMask = 2147483647;
			files = (
			);
			runOnlyForDeploymentPostprocessing = 0;
		};
/* End PBXSourcesBuildPhase section */

/* Begin PBXTargetDependency section */
		49748F76191849C600738BC9 /* PBXTargetDependency */ = {
			isa = PBXTargetDependency;
			target = 49748F5E191849C600738BC9 /* Simplify */;
			targetProxy = 49748F75191849C600738BC9 /* PBXContainerItemProxy */;
		};
		49748F991918710400738BC9 /* PBXTargetDependency */ = {
			isa = PBXTargetDependency;
			target = 49748F5E191849C600738BC9 /* Simplify */;
			targetProxy = 49748F981918710400738BC9 /* PBXContainerItemProxy */;
		};
		4977D07B191AB97700AC621F /* PBXTargetDependency */ = {
			isa = PBXTargetDependency;
			target = 4977D05C191AB89C00AC621F /* SimplifyResources */;
			targetProxy = 4977D07A191AB97700AC621F /* PBXContainerItemProxy */;
		};
/* End PBXTargetDependency section */

/* Begin PBXVariantGroup section */
		49748F7B191849C600738BC9 /* InfoPlist.strings */ = {
			isa = PBXVariantGroup;
			children = (
				49748F7C191849C600738BC9 /* en */,
			);
			name = InfoPlist.strings;
			path = SimplifyMerchantSDKTests;
			sourceTree = SOURCE_ROOT;
		};
/* End PBXVariantGroup section */

/* Begin XCBuildConfiguration section */
		49748F80191849C600738BC9 /* Debug */ = {
			isa = XCBuildConfiguration;
			buildSettings = {
				ALWAYS_SEARCH_USER_PATHS = NO;
				CLANG_CXX_LANGUAGE_STANDARD = "gnu++0x";
				CLANG_CXX_LIBRARY = "libc++";
				CLANG_ENABLE_MODULES = YES;
				CLANG_ENABLE_OBJC_ARC = YES;
				CLANG_WARN_BOOL_CONVERSION = YES;
				CLANG_WARN_CONSTANT_CONVERSION = YES;
				CLANG_WARN_DIRECT_OBJC_ISA_USAGE = YES_ERROR;
				CLANG_WARN_EMPTY_BODY = YES;
				CLANG_WARN_ENUM_CONVERSION = YES;
				CLANG_WARN_INT_CONVERSION = YES;
				CLANG_WARN_OBJC_ROOT_CLASS = YES_ERROR;
				CLANG_WARN__DUPLICATE_METHOD_MATCH = YES;
				COPY_PHASE_STRIP = NO;
				GCC_C_LANGUAGE_STANDARD = gnu99;
				GCC_DYNAMIC_NO_PIC = NO;
				GCC_OPTIMIZATION_LEVEL = 0;
				GCC_PREPROCESSOR_DEFINITIONS = (
					"DEBUG=1",
					"$(inherited)",
				);
				GCC_SYMBOLS_PRIVATE_EXTERN = NO;
				GCC_WARN_64_TO_32_BIT_CONVERSION = YES;
				GCC_WARN_ABOUT_RETURN_TYPE = YES_ERROR;
				GCC_WARN_UNDECLARED_SELECTOR = YES;
				GCC_WARN_UNINITIALIZED_AUTOS = YES_AGGRESSIVE;
				GCC_WARN_UNUSED_FUNCTION = YES;
				GCC_WARN_UNUSED_VARIABLE = YES;
				IPHONEOS_DEPLOYMENT_TARGET = 7.1;
				ONLY_ACTIVE_ARCH = NO;
				SDKROOT = iphoneos;
			};
			name = Debug;
		};
		49748F81191849C600738BC9 /* Release */ = {
			isa = XCBuildConfiguration;
			buildSettings = {
				ALWAYS_SEARCH_USER_PATHS = NO;
				CLANG_CXX_LANGUAGE_STANDARD = "gnu++0x";
				CLANG_CXX_LIBRARY = "libc++";
				CLANG_ENABLE_MODULES = YES;
				CLANG_ENABLE_OBJC_ARC = YES;
				CLANG_WARN_BOOL_CONVERSION = YES;
				CLANG_WARN_CONSTANT_CONVERSION = YES;
				CLANG_WARN_DIRECT_OBJC_ISA_USAGE = YES_ERROR;
				CLANG_WARN_EMPTY_BODY = YES;
				CLANG_WARN_ENUM_CONVERSION = YES;
				CLANG_WARN_INT_CONVERSION = YES;
				CLANG_WARN_OBJC_ROOT_CLASS = YES_ERROR;
				CLANG_WARN__DUPLICATE_METHOD_MATCH = YES;
				COPY_PHASE_STRIP = YES;
				ENABLE_NS_ASSERTIONS = NO;
				GCC_C_LANGUAGE_STANDARD = gnu99;
				GCC_WARN_64_TO_32_BIT_CONVERSION = YES;
				GCC_WARN_ABOUT_RETURN_TYPE = YES_ERROR;
				GCC_WARN_UNDECLARED_SELECTOR = YES;
				GCC_WARN_UNINITIALIZED_AUTOS = YES_AGGRESSIVE;
				GCC_WARN_UNUSED_FUNCTION = YES;
				GCC_WARN_UNUSED_VARIABLE = YES;
				IPHONEOS_DEPLOYMENT_TARGET = 7.1;
				SDKROOT = iphoneos;
				VALIDATE_PRODUCT = YES;
			};
			name = Release;
		};
		49748F83191849C600738BC9 /* Debug */ = {
			isa = XCBuildConfiguration;
			buildSettings = {
				ARCHS = "$(ARCHS_STANDARD)";
				DEAD_CODE_STRIPPING = NO;
				DSTROOT = /tmp/SimplifyMerchantSDK.dst;
				GCC_PRECOMPILE_PREFIX_HEADER = YES;
				GCC_PREFIX_HEADER = "SimplifyMerchantSDK/SimplifyMerchantSDK-Prefix.pch";
				HEADER_SEARCH_PATHS = (
					"$(inherited)",
					/Applications/Xcode.app/Contents/Developer/Toolchains/XcodeDefault.xctoolchain/usr/include,
					"$(PROJECT_DIR)/../vendor/ocmock",
				);
				INFOPLIST_FILE = "SimplifyMerchantSDK/SimplifyMerchantSDK-Info.plist";
				LIBRARY_SEARCH_PATHS = (
					"$(inherited)",
					"$(PROJECT_DIR)/../vendor/ocmock",
				);
				ONLY_ACTIVE_ARCH = NO;
				OTHER_LDFLAGS = "-ObjC";
				PRODUCT_NAME = "$(TARGET_NAME)";
				PUBLIC_HEADERS_FOLDER_PATH = "$(PROJECT_NAME)Headers";
				SKIP_INSTALL = YES;
				STRIP_STYLE = "non-global";
				VALID_ARCHS = "arm64 armv7 armv7s";
			};
			name = Debug;
		};
		49748F84191849C600738BC9 /* Release */ = {
			isa = XCBuildConfiguration;
			buildSettings = {
				ARCHS = "$(ARCHS_STANDARD)";
				COPY_PHASE_STRIP = NO;
				DEAD_CODE_STRIPPING = NO;
				DSTROOT = /tmp/SimplifyMerchantSDK.dst;
				GCC_PRECOMPILE_PREFIX_HEADER = YES;
				GCC_PREFIX_HEADER = "SimplifyMerchantSDK/SimplifyMerchantSDK-Prefix.pch";
				HEADER_SEARCH_PATHS = (
					"$(inherited)",
					/Applications/Xcode.app/Contents/Developer/Toolchains/XcodeDefault.xctoolchain/usr/include,
					"$(PROJECT_DIR)/../vendor/ocmock",
				);
				INFOPLIST_FILE = "SimplifyMerchantSDK/SimplifyMerchantSDK-Info.plist";
				LIBRARY_SEARCH_PATHS = (
					"$(inherited)",
					"$(PROJECT_DIR)/../vendor/ocmock",
				);
				ONLY_ACTIVE_ARCH = NO;
				OTHER_LDFLAGS = "-ObjC";
				PRODUCT_NAME = "$(TARGET_NAME)";
				PUBLIC_HEADERS_FOLDER_PATH = "$(PROJECT_NAME)Headers";
				SKIP_INSTALL = YES;
				STRIP_STYLE = "non-global";
				VALID_ARCHS = "arm64 armv7 armv7s";
			};
			name = Release;
		};
		49748F86191849C600738BC9 /* Debug */ = {
			isa = XCBuildConfiguration;
			buildSettings = {
				FRAMEWORK_SEARCH_PATHS = (
					"$(SDKROOT)/Developer/Library/Frameworks",
					"$(inherited)",
					"$(DEVELOPER_FRAMEWORKS_DIR)",
				);
				GCC_PRECOMPILE_PREFIX_HEADER = YES;
				GCC_PREFIX_HEADER = "SimplifyMerchantSDKTests/SimplifyMerchantSDKTests-Prefix.pch";
				GCC_PREPROCESSOR_DEFINITIONS = (
					"DEBUG=1",
					"$(inherited)",
				);
				HEADER_SEARCH_PATHS = (
					"$(inherited)",
					/Applications/Xcode.app/Contents/Developer/Toolchains/XcodeDefault.xctoolchain/usr/include,
					"$(SRCROOT)/../vendor/ocmock",
				);
				INFOPLIST_FILE = "SimplifyMerchantSDKTests/SimplifyMerchantSDKTests-Info.plist";
				LIBRARY_SEARCH_PATHS = "$(SRCROOT)/../vendor/ocmock";
				OTHER_LDFLAGS = (
					"$(inherited)",
					"-framework",
					XCTest,
					"-ObjC",
					"-all_load",
				);
				PRODUCT_NAME = "$(TARGET_NAME)";
				VALID_ARCHS = "arm64 armv7 armv7s";
				WRAPPER_EXTENSION = xctest;
			};
			name = Debug;
		};
		49748F87191849C600738BC9 /* Release */ = {
			isa = XCBuildConfiguration;
			buildSettings = {
				FRAMEWORK_SEARCH_PATHS = (
					"$(SDKROOT)/Developer/Library/Frameworks",
					"$(inherited)",
					"$(DEVELOPER_FRAMEWORKS_DIR)",
				);
				GCC_PRECOMPILE_PREFIX_HEADER = YES;
				GCC_PREFIX_HEADER = "SimplifyMerchantSDKTests/SimplifyMerchantSDKTests-Prefix.pch";
				HEADER_SEARCH_PATHS = (
					"$(inherited)",
					/Applications/Xcode.app/Contents/Developer/Toolchains/XcodeDefault.xctoolchain/usr/include,
					"$(SRCROOT)/../vendor/ocmock",
				);
				INFOPLIST_FILE = "SimplifyMerchantSDKTests/SimplifyMerchantSDKTests-Info.plist";
				LIBRARY_SEARCH_PATHS = "$(SRCROOT)/../vendor/ocmock";
				OTHER_LDFLAGS = (
					"$(inherited)",
					"-framework",
					XCTest,
					"-ObjC",
					"-all_load",
				);
				PRODUCT_NAME = "$(TARGET_NAME)";
				VALID_ARCHS = "arm64 armv7 armv7s";
				WRAPPER_EXTENSION = xctest;
			};
			name = Release;
		};
		49748F96191870F500738BC9 /* Debug */ = {
			isa = XCBuildConfiguration;
			buildSettings = {
				ARCHS = "$(ARCHS_STANDARD)";
				ONLY_ACTIVE_ARCH = NO;
				PRODUCT_NAME = "$(TARGET_NAME)";
				VALID_ARCHS = "arm64 armv7 armv7s";
			};
			name = Debug;
		};
		49748F97191870F500738BC9 /* Release */ = {
			isa = XCBuildConfiguration;
			buildSettings = {
				ARCHS = "$(ARCHS_STANDARD)";
				ONLY_ACTIVE_ARCH = NO;
				PRODUCT_NAME = "$(TARGET_NAME)";
				VALID_ARCHS = "arm64 armv7 armv7s";
			};
			name = Release;
		};
		4977D067191AB89C00AC621F /* Debug */ = {
			isa = XCBuildConfiguration;
			buildSettings = {
				ARCHS = "$(ARCHS_STANDARD)";
				GCC_ENABLE_OBJC_EXCEPTIONS = YES;
				GCC_PRECOMPILE_PREFIX_HEADER = YES;
				GCC_PREPROCESSOR_DEFINITIONS = (
					"DEBUG=1",
					"$(inherited)",
				);
				INFOPLIST_FILE = "SimplifyMerchantSDK/SimplifyMerchantSDK-Info.plist";
				INSTALL_PATH = "$(LOCAL_LIBRARY_DIR)/Bundles";
				MACOSX_DEPLOYMENT_TARGET = 10.9;
				ONLY_ACTIVE_ARCH = NO;
				PRODUCT_NAME = Simplify;
				SDKROOT = iphoneos7.1;
				VALID_ARCHS = "arm64 armv7 armv7s";
				WRAPPER_EXTENSION = bundle;
			};
			name = Debug;
		};
		4977D068191AB89C00AC621F /* Release */ = {
			isa = XCBuildConfiguration;
			buildSettings = {
				ARCHS = "$(ARCHS_STANDARD)";
				DEBUG_INFORMATION_FORMAT = "dwarf-with-dsym";
				GCC_ENABLE_OBJC_EXCEPTIONS = YES;
				GCC_PRECOMPILE_PREFIX_HEADER = YES;
				INFOPLIST_FILE = "SimplifyMerchantSDK/SimplifyMerchantSDK-Info.plist";
				INSTALL_PATH = "$(LOCAL_LIBRARY_DIR)/Bundles";
				MACOSX_DEPLOYMENT_TARGET = 10.9;
				ONLY_ACTIVE_ARCH = NO;
				PRODUCT_NAME = Simplify;
				SDKROOT = iphoneos7.1;
				VALID_ARCHS = "arm64 armv7 armv7s";
				WRAPPER_EXTENSION = bundle;
			};
			name = Release;
		};
/* End XCBuildConfiguration section */

/* Begin XCConfigurationList section */
		49748F5A191849C600738BC9 /* Build configuration list for PBXProject "SimplifyMerchantSDK" */ = {
			isa = XCConfigurationList;
			buildConfigurations = (
				49748F80191849C600738BC9 /* Debug */,
				49748F81191849C600738BC9 /* Release */,
			);
			defaultConfigurationIsVisible = 0;
			defaultConfigurationName = Release;
		};
		49748F82191849C600738BC9 /* Build configuration list for PBXNativeTarget "Simplify" */ = {
			isa = XCConfigurationList;
			buildConfigurations = (
				49748F83191849C600738BC9 /* Debug */,
				49748F84191849C600738BC9 /* Release */,
			);
			defaultConfigurationIsVisible = 0;
			defaultConfigurationName = Release;
		};
		49748F85191849C600738BC9 /* Build configuration list for PBXNativeTarget "SimplifyMerchantSDKTests" */ = {
			isa = XCConfigurationList;
			buildConfigurations = (
				49748F86191849C600738BC9 /* Debug */,
				49748F87191849C600738BC9 /* Release */,
			);
			defaultConfigurationIsVisible = 0;
			defaultConfigurationName = Release;
		};
		49748F95191870F500738BC9 /* Build configuration list for PBXAggregateTarget "SimplifyFramework" */ = {
			isa = XCConfigurationList;
			buildConfigurations = (
				49748F96191870F500738BC9 /* Debug */,
				49748F97191870F500738BC9 /* Release */,
			);
			defaultConfigurationIsVisible = 0;
			defaultConfigurationName = Release;
		};
		4977D069191AB89C00AC621F /* Build configuration list for PBXNativeTarget "SimplifyResources" */ = {
			isa = XCConfigurationList;
			buildConfigurations = (
				4977D067191AB89C00AC621F /* Debug */,
				4977D068191AB89C00AC621F /* Release */,
			);
			defaultConfigurationIsVisible = 0;
			defaultConfigurationName = Release;
		};
/* End XCConfigurationList section */
	};
	rootObject = 49748F57191849C600738BC9 /* Project object */;
}
