// !$*UTF8*$!
{
	archiveVersion = 1;
	classes = {
	};
	objectVersion = 46;
	objects = {

/* Begin PBXBuildFile section */
		0F4A24B1198720CB00CBC35B /* libNCLNetiOS.a in Frameworks */ = {isa = PBXBuildFile; fileRef = 0F4A24B0198720CB00CBC35B /* libNCLNetiOS.a */; };
		0F4A24B7198721EE00CBC35B /* AudioToolbox.framework in Frameworks */ = {isa = PBXBuildFile; fileRef = 0F4A24B6198721EE00CBC35B /* AudioToolbox.framework */; };
		0F7C6133191C0872006715F1 /* libNCLiOS.a in Frameworks */ = {isa = PBXBuildFile; fileRef = 0F7C6132191C0872006715F1 /* libNCLiOS.a */; };
		0FD72F8E1987205D00D2E0DB /* ViewController.mm in Sources */ = {isa = PBXBuildFile; fileRef = 0FEAD29318ABF0D300C92459 /* ViewController.mm */; };
		0FD72F8F1987205D00D2E0DB /* AppDelegate.m in Sources */ = {isa = PBXBuildFile; fileRef = 0FEAD28A18ABF0D300C92459 /* AppDelegate.m */; };
		0FD72F901987205D00D2E0DB /* main.m in Sources */ = {isa = PBXBuildFile; fileRef = 0FEAD28618ABF0D300C92459 /* main.m */; };
		0FD72F931987205D00D2E0DB /* CoreGraphics.framework in Frameworks */ = {isa = PBXBuildFile; fileRef = 0FEAD27C18ABF0D200C92459 /* CoreGraphics.framework */; };
		0FD72F941987205D00D2E0DB /* UIKit.framework in Frameworks */ = {isa = PBXBuildFile; fileRef = 0FEAD27E18ABF0D300C92459 /* UIKit.framework */; };
		0FD72F951987205D00D2E0DB /* Foundation.framework in Frameworks */ = {isa = PBXBuildFile; fileRef = 0FEAD27A18ABF0D200C92459 /* Foundation.framework */; };
		0FD72F981987205D00D2E0DB /* Main_iPad.storyboard in Resources */ = {isa = PBXBuildFile; fileRef = 0FEAD28F18ABF0D300C92459 /* Main_iPad.storyboard */; };
		0FD72F991987205D00D2E0DB /* Images.xcassets in Resources */ = {isa = PBXBuildFile; fileRef = 0FEAD29518ABF0D300C92459 /* Images.xcassets */; };
		0FD72F9A1987205D00D2E0DB /* Main_iPhone.storyboard in Resources */ = {isa = PBXBuildFile; fileRef = 0FEAD28C18ABF0D300C92459 /* Main_iPhone.storyboard */; };
		0FD72F9B1987205D00D2E0DB /* InfoPlist.strings in Resources */ = {isa = PBXBuildFile; fileRef = 0FEAD28318ABF0D300C92459 /* InfoPlist.strings */; };
		0FDA3E7019B7763200851744 /* messageLog.mm in Sources */ = {isa = PBXBuildFile; fileRef = 0FDA3E6F19B7763200851744 /* messageLog.mm */; };
		0FDA3E7119B7763200851744 /* messageLog.mm in Sources */ = {isa = PBXBuildFile; fileRef = 0FDA3E6F19B7763200851744 /* messageLog.mm */; };
		0FEAD27B18ABF0D200C92459 /* Foundation.framework in Frameworks */ = {isa = PBXBuildFile; fileRef = 0FEAD27A18ABF0D200C92459 /* Foundation.framework */; };
		0FEAD27D18ABF0D200C92459 /* CoreGraphics.framework in Frameworks */ = {isa = PBXBuildFile; fileRef = 0FEAD27C18ABF0D200C92459 /* CoreGraphics.framework */; };
		0FEAD27F18ABF0D300C92459 /* UIKit.framework in Frameworks */ = {isa = PBXBuildFile; fileRef = 0FEAD27E18ABF0D300C92459 /* UIKit.framework */; };
		0FEAD28518ABF0D300C92459 /* InfoPlist.strings in Resources */ = {isa = PBXBuildFile; fileRef = 0FEAD28318ABF0D300C92459 /* InfoPlist.strings */; };
		0FEAD28718ABF0D300C92459 /* main.m in Sources */ = {isa = PBXBuildFile; fileRef = 0FEAD28618ABF0D300C92459 /* main.m */; };
		0FEAD28B18ABF0D300C92459 /* AppDelegate.m in Sources */ = {isa = PBXBuildFile; fileRef = 0FEAD28A18ABF0D300C92459 /* AppDelegate.m */; };
		0FEAD28E18ABF0D300C92459 /* Main_iPhone.storyboard in Resources */ = {isa = PBXBuildFile; fileRef = 0FEAD28C18ABF0D300C92459 /* Main_iPhone.storyboard */; };
		0FEAD29118ABF0D300C92459 /* Main_iPad.storyboard in Resources */ = {isa = PBXBuildFile; fileRef = 0FEAD28F18ABF0D300C92459 /* Main_iPad.storyboard */; };
		0FEAD29418ABF0D300C92459 /* ViewController.mm in Sources */ = {isa = PBXBuildFile; fileRef = 0FEAD29318ABF0D300C92459 /* ViewController.mm */; };
		0FEAD29618ABF0D300C92459 /* Images.xcassets in Resources */ = {isa = PBXBuildFile; fileRef = 0FEAD29518ABF0D300C92459 /* Images.xcassets */; };
		0FEAD2CB18ABFDBD00C92459 /* CoreBluetooth.framework in Frameworks */ = {isa = PBXBuildFile; fileRef = 0FEAD2CA18ABFDBD00C92459 /* CoreBluetooth.framework */; };
/* End PBXBuildFile section */

/* Begin PBXFileReference section */
		0F4A24B0198720CB00CBC35B /* libNCLNetiOS.a */ = {isa = PBXFileReference; lastKnownFileType = archive.ar; name = libNCLNetiOS.a; path = ../libNCLNetiOS.a; sourceTree = "<group>"; };
		0F4A24B6198721EE00CBC35B /* AudioToolbox.framework */ = {isa = PBXFileReference; lastKnownFileType = wrapper.framework; name = AudioToolbox.framework; path = System/Library/Frameworks/AudioToolbox.framework; sourceTree = SDKROOT; };
		0F7C6132191C0872006715F1 /* libNCLiOS.a */ = {isa = PBXFileReference; lastKnownFileType = archive.ar; name = libNCLiOS.a; path = ../libNCLiOS.a; sourceTree = "<group>"; };
		0FD72F9F1987205D00D2E0DB /* baseNet.app */ = {isa = PBXFileReference; explicitFileType = wrapper.application; includeInIndex = 0; path = baseNet.app; sourceTree = BUILT_PRODUCTS_DIR; };
		0FDA3E6E19B7763200851744 /* messageLog.h */ = {isa = PBXFileReference; fileEncoding = 4; lastKnownFileType = sourcecode.c.h; path = messageLog.h; sourceTree = "<group>"; };
		0FDA3E6F19B7763200851744 /* messageLog.mm */ = {isa = PBXFileReference; fileEncoding = 4; lastKnownFileType = sourcecode.cpp.objcpp; path = messageLog.mm; sourceTree = "<group>"; };
		0FE5D5CA1987F32A00CD0E4A /* baseNet-Info.plist */ = {isa = PBXFileReference; lastKnownFileType = text.plist.xml; path = "baseNet-Info.plist"; sourceTree = "<group>"; };
		0FEAD27718ABF0D200C92459 /* base.app */ = {isa = PBXFileReference; explicitFileType = wrapper.application; includeInIndex = 0; path = base.app; sourceTree = BUILT_PRODUCTS_DIR; };
		0FEAD27A18ABF0D200C92459 /* Foundation.framework */ = {isa = PBXFileReference; lastKnownFileType = wrapper.framework; name = Foundation.framework; path = System/Library/Frameworks/Foundation.framework; sourceTree = SDKROOT; };
		0FEAD27C18ABF0D200C92459 /* CoreGraphics.framework */ = {isa = PBXFileReference; lastKnownFileType = wrapper.framework; name = CoreGraphics.framework; path = System/Library/Frameworks/CoreGraphics.framework; sourceTree = SDKROOT; };
		0FEAD27E18ABF0D300C92459 /* UIKit.framework */ = {isa = PBXFileReference; lastKnownFileType = wrapper.framework; name = UIKit.framework; path = System/Library/Frameworks/UIKit.framework; sourceTree = SDKROOT; };
		0FEAD28218ABF0D300C92459 /* base-Info.plist */ = {isa = PBXFileReference; lastKnownFileType = text.plist.xml; path = "base-Info.plist"; sourceTree = "<group>"; };
		0FEAD28418ABF0D300C92459 /* en */ = {isa = PBXFileReference; lastKnownFileType = text.plist.strings; name = en; path = en.lproj/InfoPlist.strings; sourceTree = "<group>"; };
		0FEAD28618ABF0D300C92459 /* main.m */ = {isa = PBXFileReference; lastKnownFileType = sourcecode.c.objc; path = main.m; sourceTree = "<group>"; };
		0FEAD28818ABF0D300C92459 /* base-Prefix.pch */ = {isa = PBXFileReference; lastKnownFileType = sourcecode.c.h; path = "base-Prefix.pch"; sourceTree = "<group>"; };
		0FEAD28918ABF0D300C92459 /* AppDelegate.h */ = {isa = PBXFileReference; lastKnownFileType = sourcecode.c.h; path = AppDelegate.h; sourceTree = "<group>"; };
		0FEAD28A18ABF0D300C92459 /* AppDelegate.m */ = {isa = PBXFileReference; lastKnownFileType = sourcecode.c.objc; path = AppDelegate.m; sourceTree = "<group>"; };
		0FEAD28D18ABF0D300C92459 /* Base */ = {isa = PBXFileReference; lastKnownFileType = file.storyboard; name = Base; path = Base.lproj/Main_iPhone.storyboard; sourceTree = "<group>"; };
		0FEAD29018ABF0D300C92459 /* Base */ = {isa = PBXFileReference; lastKnownFileType = file.storyboard; name = Base; path = Base.lproj/Main_iPad.storyboard; sourceTree = "<group>"; };
		0FEAD29218ABF0D300C92459 /* ViewController.h */ = {isa = PBXFileReference; lastKnownFileType = sourcecode.c.h; path = ViewController.h; sourceTree = "<group>"; };
		0FEAD29318ABF0D300C92459 /* ViewController.mm */ = {isa = PBXFileReference; lastKnownFileType = sourcecode.cpp.objcpp; path = ViewController.mm; sourceTree = "<group>"; };
		0FEAD29518ABF0D300C92459 /* Images.xcassets */ = {isa = PBXFileReference; lastKnownFileType = folder.assetcatalog; path = Images.xcassets; sourceTree = "<group>"; };
		0FEAD2C418ABFD5600C92459 /* ncl.h */ = {isa = PBXFileReference; fileEncoding = 4; lastKnownFileType = sourcecode.c.h; name = ncl.h; path = ../../ncl.h; sourceTree = "<group>"; };
		0FEAD2CA18ABFDBD00C92459 /* CoreBluetooth.framework */ = {isa = PBXFileReference; lastKnownFileType = wrapper.framework; name = CoreBluetooth.framework; path = System/Library/Frameworks/CoreBluetooth.framework; sourceTree = SDKROOT; };
/* End PBXFileReference section */

/* Begin PBXFrameworksBuildPhase section */
		0FD72F911987205D00D2E0DB /* Frameworks */ = {
			isa = PBXFrameworksBuildPhase;
			buildActionMask = 2147483647;
			files = (
				0F4A24B7198721EE00CBC35B /* AudioToolbox.framework in Frameworks */,
				0FD72F931987205D00D2E0DB /* CoreGraphics.framework in Frameworks */,
				0FD72F941987205D00D2E0DB /* UIKit.framework in Frameworks */,
				0F4A24B1198720CB00CBC35B /* libNCLNetiOS.a in Frameworks */,
				0FD72F951987205D00D2E0DB /* Foundation.framework in Frameworks */,
			);
			runOnlyForDeploymentPostprocessing = 0;
		};
		0FEAD27418ABF0D200C92459 /* Frameworks */ = {
			isa = PBXFrameworksBuildPhase;
			buildActionMask = 2147483647;
			files = (
				0FEAD2CB18ABFDBD00C92459 /* CoreBluetooth.framework in Frameworks */,
				0FEAD27D18ABF0D200C92459 /* CoreGraphics.framework in Frameworks */,
				0FEAD27F18ABF0D300C92459 /* UIKit.framework in Frameworks */,
				0FEAD27B18ABF0D200C92459 /* Foundation.framework in Frameworks */,
				0F7C6133191C0872006715F1 /* libNCLiOS.a in Frameworks */,
			);
			runOnlyForDeploymentPostprocessing = 0;
		};
/* End PBXFrameworksBuildPhase section */

/* Begin PBXGroup section */
		0FEAD26E18ABF0D200C92459 = {
			isa = PBXGroup;
			children = (
				0FEAD28018ABF0D300C92459 /* base */,
				0FEAD27918ABF0D200C92459 /* Frameworks */,
				0FEAD27818ABF0D200C92459 /* Products */,
			);
			sourceTree = "<group>";
		};
		0FEAD27818ABF0D200C92459 /* Products */ = {
			isa = PBXGroup;
			children = (
				0FEAD27718ABF0D200C92459 /* base.app */,
				0FD72F9F1987205D00D2E0DB /* baseNet.app */,
			);
			name = Products;
			sourceTree = "<group>";
		};
		0FEAD27918ABF0D200C92459 /* Frameworks */ = {
			isa = PBXGroup;
			children = (
				0F4A24B6198721EE00CBC35B /* AudioToolbox.framework */,
				0F7C6132191C0872006715F1 /* libNCLiOS.a */,
				0F4A24B0198720CB00CBC35B /* libNCLNetiOS.a */,
				0FEAD2CA18ABFDBD00C92459 /* CoreBluetooth.framework */,
				0FEAD27C18ABF0D200C92459 /* CoreGraphics.framework */,
				0FEAD27A18ABF0D200C92459 /* Foundation.framework */,
				0FEAD27E18ABF0D300C92459 /* UIKit.framework */,
			);
			name = Frameworks;
			sourceTree = "<group>";
		};
		0FEAD28018ABF0D300C92459 /* base */ = {
			isa = PBXGroup;
			children = (
				0FEAD28918ABF0D300C92459 /* AppDelegate.h */,
				0FEAD28A18ABF0D300C92459 /* AppDelegate.m */,
				0FEAD29518ABF0D300C92459 /* Images.xcassets */,
				0FEAD28F18ABF0D300C92459 /* Main_iPad.storyboard */,
				0FEAD28C18ABF0D300C92459 /* Main_iPhone.storyboard */,
				0FDA3E6E19B7763200851744 /* messageLog.h */,
				0FDA3E6F19B7763200851744 /* messageLog.mm */,
				0FEAD2C418ABFD5600C92459 /* ncl.h */,
				0FEAD28118ABF0D300C92459 /* Supporting Files */,
				0FEAD29218ABF0D300C92459 /* ViewController.h */,
				0FEAD29318ABF0D300C92459 /* ViewController.mm */,
			);
			path = base;
			sourceTree = "<group>";
		};
		0FEAD28118ABF0D300C92459 /* Supporting Files */ = {
			isa = PBXGroup;
			children = (
				0FEAD28218ABF0D300C92459 /* base-Info.plist */,
				0FE5D5CA1987F32A00CD0E4A /* baseNet-Info.plist */,
				0FEAD28318ABF0D300C92459 /* InfoPlist.strings */,
				0FEAD28618ABF0D300C92459 /* main.m */,
				0FEAD28818ABF0D300C92459 /* base-Prefix.pch */,
			);
			name = "Supporting Files";
			sourceTree = "<group>";
		};
/* End PBXGroup section */

/* Begin PBXNativeTarget section */
		0FD72F8B1987205D00D2E0DB /* baseNet */ = {
			isa = PBXNativeTarget;
			buildConfigurationList = 0FD72F9C1987205D00D2E0DB /* Build configuration list for PBXNativeTarget "baseNet" */;
			buildPhases = (
				0FD72F8C1987205D00D2E0DB /* Sources */,
				0FD72F911987205D00D2E0DB /* Frameworks */,
				0FD72F971987205D00D2E0DB /* Resources */,
			);
			buildRules = (
			);
			dependencies = (
			);
			name = baseNet;
			productName = base;
			productReference = 0FD72F9F1987205D00D2E0DB /* baseNet.app */;
			productType = "com.apple.product-type.application";
		};
		0FEAD27618ABF0D200C92459 /* base */ = {
			isa = PBXNativeTarget;
			buildConfigurationList = 0FEAD2AC18ABF0D300C92459 /* Build configuration list for PBXNativeTarget "base" */;
			buildPhases = (
				0FEAD27318ABF0D200C92459 /* Sources */,
				0FEAD27418ABF0D200C92459 /* Frameworks */,
				0FEAD27518ABF0D200C92459 /* Resources */,
			);
			buildRules = (
			);
			dependencies = (
			);
			name = base;
			productName = base;
			productReference = 0FEAD27718ABF0D200C92459 /* base.app */;
			productType = "com.apple.product-type.application";
		};
/* End PBXNativeTarget section */

/* Begin PBXProject section */
		0FEAD26F18ABF0D200C92459 /* Project object */ = {
			isa = PBXProject;
			attributes = {
				LastUpgradeCheck = 0500;
				ORGANIZATIONNAME = Bionym;
				TargetAttributes = {
					0FEAD27618ABF0D200C92459 = {
						DevelopmentTeam = CWC2NFA698;
					};
				};
			};
			buildConfigurationList = 0FEAD27218ABF0D200C92459 /* Build configuration list for PBXProject "base" */;
			compatibilityVersion = "Xcode 3.2";
			developmentRegion = English;
			hasScannedForEncodings = 0;
			knownRegions = (
				en,
				Base,
			);
			mainGroup = 0FEAD26E18ABF0D200C92459;
			productRefGroup = 0FEAD27818ABF0D200C92459 /* Products */;
			projectDirPath = "";
			projectRoot = "";
			targets = (
				0FEAD27618ABF0D200C92459 /* base */,
				0FD72F8B1987205D00D2E0DB /* baseNet */,
			);
		};
/* End PBXProject section */

/* Begin PBXResourcesBuildPhase section */
		0FD72F971987205D00D2E0DB /* Resources */ = {
			isa = PBXResourcesBuildPhase;
			buildActionMask = 2147483647;
			files = (
				0FD72F981987205D00D2E0DB /* Main_iPad.storyboard in Resources */,
				0FD72F991987205D00D2E0DB /* Images.xcassets in Resources */,
				0FD72F9A1987205D00D2E0DB /* Main_iPhone.storyboard in Resources */,
				0FD72F9B1987205D00D2E0DB /* InfoPlist.strings in Resources */,
			);
			runOnlyForDeploymentPostprocessing = 0;
		};
		0FEAD27518ABF0D200C92459 /* Resources */ = {
			isa = PBXResourcesBuildPhase;
			buildActionMask = 2147483647;
			files = (
				0FEAD29118ABF0D300C92459 /* Main_iPad.storyboard in Resources */,
				0FEAD29618ABF0D300C92459 /* Images.xcassets in Resources */,
				0FEAD28E18ABF0D300C92459 /* Main_iPhone.storyboard in Resources */,
				0FEAD28518ABF0D300C92459 /* InfoPlist.strings in Resources */,
			);
			runOnlyForDeploymentPostprocessing = 0;
		};
/* End PBXResourcesBuildPhase section */

/* Begin PBXSourcesBuildPhase section */
		0FD72F8C1987205D00D2E0DB /* Sources */ = {
			isa = PBXSourcesBuildPhase;
			buildActionMask = 2147483647;
			files = (
				0FDA3E7119B7763200851744 /* messageLog.mm in Sources */,
				0FD72F8E1987205D00D2E0DB /* ViewController.mm in Sources */,
				0FD72F8F1987205D00D2E0DB /* AppDelegate.m in Sources */,
				0FD72F901987205D00D2E0DB /* main.m in Sources */,
			);
			runOnlyForDeploymentPostprocessing = 0;
		};
		0FEAD27318ABF0D200C92459 /* Sources */ = {
			isa = PBXSourcesBuildPhase;
			buildActionMask = 2147483647;
			files = (
				0FDA3E7019B7763200851744 /* messageLog.mm in Sources */,
				0FEAD29418ABF0D300C92459 /* ViewController.mm in Sources */,
				0FEAD28B18ABF0D300C92459 /* AppDelegate.m in Sources */,
				0FEAD28718ABF0D300C92459 /* main.m in Sources */,
			);
			runOnlyForDeploymentPostprocessing = 0;
		};
/* End PBXSourcesBuildPhase section */

/* Begin PBXVariantGroup section */
		0FEAD28318ABF0D300C92459 /* InfoPlist.strings */ = {
			isa = PBXVariantGroup;
			children = (
				0FEAD28418ABF0D300C92459 /* en */,
			);
			name = InfoPlist.strings;
			sourceTree = "<group>";
		};
		0FEAD28C18ABF0D300C92459 /* Main_iPhone.storyboard */ = {
			isa = PBXVariantGroup;
			children = (
				0FEAD28D18ABF0D300C92459 /* Base */,
			);
			name = Main_iPhone.storyboard;
			sourceTree = "<group>";
		};
		0FEAD28F18ABF0D300C92459 /* Main_iPad.storyboard */ = {
			isa = PBXVariantGroup;
			children = (
				0FEAD29018ABF0D300C92459 /* Base */,
			);
			name = Main_iPad.storyboard;
			sourceTree = "<group>";
		};
/* End PBXVariantGroup section */

/* Begin XCBuildConfiguration section */
		0FD72F9D1987205D00D2E0DB /* Debug */ = {
			isa = XCBuildConfiguration;
			buildSettings = {
				ASSETCATALOG_COMPILER_APPICON_NAME = AppIcon;
				ASSETCATALOG_COMPILER_LAUNCHIMAGE_NAME = LaunchImage;
				CODE_SIGN_IDENTITY = "iPhone Developer";
				"CODE_SIGN_IDENTITY[sdk=iphoneos*]" = "iPhone Developer";
				GCC_PRECOMPILE_PREFIX_HEADER = YES;
				GCC_PREFIX_HEADER = "base/base-Prefix.pch";
				GCC_PREPROCESSOR_DEFINITIONS = (
					"DEBUG=1",
					"$(inherited)",
				);
				INFOPLIST_FILE = "base/baseNet-Info.plist";
				IPHONEOS_DEPLOYMENT_TARGET = 6.0;
				LIBRARY_SEARCH_PATHS = (
					"$(inherited)",
					../../../Examples/iOSbase,
				);
				PRODUCT_NAME = baseNet;
				PROVISIONING_PROFILE = "";
				WRAPPER_EXTENSION = app;
			};
			name = Debug;
		};
		0FD72F9E1987205D00D2E0DB /* Release */ = {
			isa = XCBuildConfiguration;
			buildSettings = {
				ASSETCATALOG_COMPILER_APPICON_NAME = AppIcon;
				ASSETCATALOG_COMPILER_LAUNCHIMAGE_NAME = LaunchImage;
				CODE_SIGN_IDENTITY = "iPhone Developer";
				"CODE_SIGN_IDENTITY[sdk=iphoneos*]" = "iPhone Developer";
				GCC_PRECOMPILE_PREFIX_HEADER = YES;
				GCC_PREFIX_HEADER = "base/base-Prefix.pch";
				INFOPLIST_FILE = "base/baseNet-Info.plist";
				IPHONEOS_DEPLOYMENT_TARGET = 6.0;
				LIBRARY_SEARCH_PATHS = (
					"$(inherited)",
					../../../Examples/iOSbase,
				);
				PRODUCT_NAME = baseNet;
				PROVISIONING_PROFILE = "";
				WRAPPER_EXTENSION = app;
			};
			name = Release;
		};
		0FEAD2AA18ABF0D300C92459 /* Debug */ = {
			isa = XCBuildConfiguration;
			buildSettings = {
				ALWAYS_SEARCH_USER_PATHS = NO;
				ARCHS = "$(ARCHS_STANDARD_INCLUDING_64_BIT)";
				CLANG_CXX_LANGUAGE_STANDARD = "gnu++0x";
				CLANG_CXX_LIBRARY = "libc++";
				CLANG_ENABLE_MODULES = YES;
				CLANG_ENABLE_OBJC_ARC = YES;
				CLANG_WARN_BOOL_CONVERSION = YES;
				CLANG_WARN_CONSTANT_CONVERSION = YES;
				CLANG_WARN_DIRECT_OBJC_ISA_USAGE = YES_ERROR;
				CLANG_WARN_EMPTY_BODY = YES;
				CLANG_WARN_ENUM_CONVERSION = YES;
				CLANG_WARN_INT_CONVERSION = YES;
				CLANG_WARN_OBJC_ROOT_CLASS = YES_ERROR;
				CLANG_WARN__DUPLICATE_METHOD_MATCH = YES;
				"CODE_SIGN_IDENTITY[sdk=iphoneos*]" = "iPhone Developer";
				COPY_PHASE_STRIP = NO;
				GCC_C_LANGUAGE_STANDARD = gnu99;
				GCC_DYNAMIC_NO_PIC = NO;
				GCC_OPTIMIZATION_LEVEL = 0;
				GCC_PREPROCESSOR_DEFINITIONS = (
					"DEBUG=1",
					"$(inherited)",
				);
				GCC_SYMBOLS_PRIVATE_EXTERN = NO;
				GCC_WARN_64_TO_32_BIT_CONVERSION = YES;
				GCC_WARN_ABOUT_RETURN_TYPE = YES_ERROR;
				GCC_WARN_UNDECLARED_SELECTOR = YES;
				GCC_WARN_UNINITIALIZED_AUTOS = YES;
				GCC_WARN_UNUSED_FUNCTION = YES;
				GCC_WARN_UNUSED_VARIABLE = YES;
				IPHONEOS_DEPLOYMENT_TARGET = 7.0;
				ONLY_ACTIVE_ARCH = YES;
				SDKROOT = iphoneos;
				TARGETED_DEVICE_FAMILY = "1,2";
			};
			name = Debug;
		};
		0FEAD2AB18ABF0D300C92459 /* Release */ = {
			isa = XCBuildConfiguration;
			buildSettings = {
				ALWAYS_SEARCH_USER_PATHS = NO;
				ARCHS = "$(ARCHS_STANDARD_INCLUDING_64_BIT)";
				CLANG_CXX_LANGUAGE_STANDARD = "gnu++0x";
				CLANG_CXX_LIBRARY = "libc++";
				CLANG_ENABLE_MODULES = YES;
				CLANG_ENABLE_OBJC_ARC = YES;
				CLANG_WARN_BOOL_CONVERSION = YES;
				CLANG_WARN_CONSTANT_CONVERSION = YES;
				CLANG_WARN_DIRECT_OBJC_ISA_USAGE = YES_ERROR;
				CLANG_WARN_EMPTY_BODY = YES;
				CLANG_WARN_ENUM_CONVERSION = YES;
				CLANG_WARN_INT_CONVERSION = YES;
				CLANG_WARN_OBJC_ROOT_CLASS = YES_ERROR;
				CLANG_WARN__DUPLICATE_METHOD_MATCH = YES;
				"CODE_SIGN_IDENTITY[sdk=iphoneos*]" = "iPhone Developer";
				COPY_PHASE_STRIP = YES;
				ENABLE_NS_ASSERTIONS = NO;
				GCC_C_LANGUAGE_STANDARD = gnu99;
				GCC_WARN_64_TO_32_BIT_CONVERSION = YES;
				GCC_WARN_ABOUT_RETURN_TYPE = YES_ERROR;
				GCC_WARN_UNDECLARED_SELECTOR = YES;
				GCC_WARN_UNINITIALIZED_AUTOS = YES;
				GCC_WARN_UNUSED_FUNCTION = YES;
				GCC_WARN_UNUSED_VARIABLE = YES;
				IPHONEOS_DEPLOYMENT_TARGET = 7.0;
				SDKROOT = iphoneos;
				TARGETED_DEVICE_FAMILY = "1,2";
				VALIDATE_PRODUCT = YES;
			};
			name = Release;
		};
		0FEAD2AD18ABF0D300C92459 /* Debug */ = {
			isa = XCBuildConfiguration;
			buildSettings = {
				ASSETCATALOG_COMPILER_APPICON_NAME = AppIcon;
				ASSETCATALOG_COMPILER_LAUNCHIMAGE_NAME = LaunchImage;
				CODE_SIGN_IDENTITY = "iPhone Developer";
				"CODE_SIGN_IDENTITY[sdk=iphoneos*]" = "iPhone Developer";
				GCC_PRECOMPILE_PREFIX_HEADER = YES;
				GCC_PREFIX_HEADER = "base/base-Prefix.pch";
				GCC_PREPROCESSOR_DEFINITIONS = (
					"DEBUG=1",
					"$(inherited)",
				);
				INFOPLIST_FILE = "base/base-Info.plist";
				IPHONEOS_DEPLOYMENT_TARGET = 6.0;
				LIBRARY_SEARCH_PATHS = (
					"$(inherited)",
					../../../Examples/iOSbase,
				);
				PRODUCT_NAME = "$(TARGET_NAME)";
				PROVISIONING_PROFILE = "";
				WRAPPER_EXTENSION = app;
			};
			name = Debug;
		};
		0FEAD2AE18ABF0D300C92459 /* Release */ = {
			isa = XCBuildConfiguration;
			buildSettings = {
				ASSETCATALOG_COMPILER_APPICON_NAME = AppIcon;
				ASSETCATALOG_COMPILER_LAUNCHIMAGE_NAME = LaunchImage;
				CODE_SIGN_IDENTITY = "iPhone Developer";
				"CODE_SIGN_IDENTITY[sdk=iphoneos*]" = "iPhone Developer";
				GCC_PRECOMPILE_PREFIX_HEADER = YES;
				GCC_PREFIX_HEADER = "base/base-Prefix.pch";
				INFOPLIST_FILE = "base/base-Info.plist";
				IPHONEOS_DEPLOYMENT_TARGET = 6.0;
				LIBRARY_SEARCH_PATHS = (
					"$(inherited)",
					../../../Examples/iOSbase,
				);
				PRODUCT_NAME = "$(TARGET_NAME)";
				PROVISIONING_PROFILE = "";
				WRAPPER_EXTENSION = app;
			};
			name = Release;
		};
/* End XCBuildConfiguration section */

/* Begin XCConfigurationList section */
		0FD72F9C1987205D00D2E0DB /* Build configuration list for PBXNativeTarget "baseNet" */ = {
			isa = XCConfigurationList;
			buildConfigurations = (
				0FD72F9D1987205D00D2E0DB /* Debug */,
				0FD72F9E1987205D00D2E0DB /* Release */,
			);
			defaultConfigurationIsVisible = 0;
			defaultConfigurationName = Release;
		};
		0FEAD27218ABF0D200C92459 /* Build configuration list for PBXProject "base" */ = {
			isa = XCConfigurationList;
			buildConfigurations = (
				0FEAD2AA18ABF0D300C92459 /* Debug */,
				0FEAD2AB18ABF0D300C92459 /* Release */,
			);
			defaultConfigurationIsVisible = 0;
			defaultConfigurationName = Release;
		};
		0FEAD2AC18ABF0D300C92459 /* Build configuration list for PBXNativeTarget "base" */ = {
			isa = XCConfigurationList;
			buildConfigurations = (
				0FEAD2AD18ABF0D300C92459 /* Debug */,
				0FEAD2AE18ABF0D300C92459 /* Release */,
			);
			defaultConfigurationIsVisible = 0;
			defaultConfigurationName = Release;
		};
/* End XCConfigurationList section */
	};
	rootObject = 0FEAD26F18ABF0D200C92459 /* Project object */;
}
